// !$*UTF8*$!
{
	archiveVersion = 1;
	classes = {
	};
	objectVersion = 46;
	objects = {

/* Begin PBXBuildFile section */
		521E3A801A3CBCB000F4E7B8 /* UPMHousingListing.swift in Sources */ = {isa = PBXBuildFile; fileRef = 521E3A7F1A3CBCB000F4E7B8 /* UPMHousingListing.swift */; };
		52234A8A19E77E6100E899B8 /* AudioToolbox.framework in Frameworks */ = {isa = PBXBuildFile; fileRef = 52234A8919E77E6100E899B8 /* AudioToolbox.framework */; };
		52234A8C19E77E6A00E899B8 /* CFNetwork.framework in Frameworks */ = {isa = PBXBuildFile; fileRef = 52234A8B19E77E6A00E899B8 /* CFNetwork.framework */; };
		52234A8E19E77E7500E899B8 /* CoreGraphics.framework in Frameworks */ = {isa = PBXBuildFile; fileRef = 52234A8D19E77E7500E899B8 /* CoreGraphics.framework */; };
		52234A9019E77E8200E899B8 /* CoreLocation.framework in Frameworks */ = {isa = PBXBuildFile; fileRef = 52234A8F19E77E8200E899B8 /* CoreLocation.framework */; };
		52234A9219E77E9000E899B8 /* libz.1.1.3.dylib in Frameworks */ = {isa = PBXBuildFile; fileRef = 52234A9119E77E9000E899B8 /* libz.1.1.3.dylib */; };
		52234A9419E77E9900E899B8 /* MobileCoreServices.framework in Frameworks */ = {isa = PBXBuildFile; fileRef = 52234A9319E77E9900E899B8 /* MobileCoreServices.framework */; };
		52234A9619E77EA300E899B8 /* QuartzCore.framework in Frameworks */ = {isa = PBXBuildFile; fileRef = 52234A9519E77EA300E899B8 /* QuartzCore.framework */; };
		52234A9819E77EAB00E899B8 /* Security.framework in Frameworks */ = {isa = PBXBuildFile; fileRef = 52234A9719E77EAB00E899B8 /* Security.framework */; };
		52234A9A19E77EB600E899B8 /* SystemConfiguration.framework in Frameworks */ = {isa = PBXBuildFile; fileRef = 52234A9919E77EB600E899B8 /* SystemConfiguration.framework */; };
		5228B8621A194CCA004AED8C /* UPMSellPriceFormatTVC.swift in Sources */ = {isa = PBXBuildFile; fileRef = 525B89881A18271500A7CB6D /* UPMSellPriceFormatTVC.swift */; };
		5228B8691A19AB0F004AED8C /* UPMSellTitleCell.swift in Sources */ = {isa = PBXBuildFile; fileRef = 5228B8671A19AB0F004AED8C /* UPMSellTitleCell.swift */; };
		5228B86A1A19AB0F004AED8C /* UPMSellTitleCell.xib in Resources */ = {isa = PBXBuildFile; fileRef = 5228B8681A19AB0F004AED8C /* UPMSellTitleCell.xib */; };
		5228B86C1A19B174004AED8C /* UPMSellTitleCell.swift in Sources */ = {isa = PBXBuildFile; fileRef = 5228B8671A19AB0F004AED8C /* UPMSellTitleCell.swift */; };
		5228B86D1A19B17E004AED8C /* UPMSellTitleCell.xib in Resources */ = {isa = PBXBuildFile; fileRef = 5228B8681A19AB0F004AED8C /* UPMSellTitleCell.xib */; };
		5228B86F1A19B4E7004AED8C /* UPMSellTitleTVC.swift in Sources */ = {isa = PBXBuildFile; fileRef = 5228B86E1A19B4E7004AED8C /* UPMSellTitleTVC.swift */; };
		5228B8711A1D34F7004AED8C /* UPMSellImagePickerVC.swift in Sources */ = {isa = PBXBuildFile; fileRef = 5228B8701A1D34F7004AED8C /* UPMSellImagePickerVC.swift */; };
		5228B8731A1D3C5D004AED8C /* UPMSellImageOverlay.xib in Resources */ = {isa = PBXBuildFile; fileRef = 5228B8721A1D3C5D004AED8C /* UPMSellImageOverlay.xib */; };
		524F40AA1A104448002B47B6 /* UPMSellItem.swift in Sources */ = {isa = PBXBuildFile; fileRef = 524F40A91A104448002B47B6 /* UPMSellItem.swift */; };
		524F40AC1A104D54002B47B6 /* UPMSellItemContainer.swift in Sources */ = {isa = PBXBuildFile; fileRef = 524F40AB1A104D54002B47B6 /* UPMSellItemContainer.swift */; };
		524F40B01A107CD6002B47B6 /* UPMSellSubClassTVCViewController.swift in Sources */ = {isa = PBXBuildFile; fileRef = 524F40AF1A107CD6002B47B6 /* UPMSellSubClassTVCViewController.swift */; };
		524F40B21A10937A002B47B6 /* UPMSellExtension.swift in Sources */ = {isa = PBXBuildFile; fileRef = 524F40B11A10937A002B47B6 /* UPMSellExtension.swift */; };
		5255EBA71A0EBEBA007207C7 /* UPMSellTVC.swift in Sources */ = {isa = PBXBuildFile; fileRef = 5255EBA61A0EBEBA007207C7 /* UPMSellTVC.swift */; };
		5255EBDA1A0EC325007207C7 /* SellUI.h in Headers */ = {isa = PBXBuildFile; fileRef = 5255EBD91A0EC325007207C7 /* SellUI.h */; settings = {ATTRIBUTES = (Public, ); }; };
		5255EBE01A0EC325007207C7 /* SellUI.framework in Frameworks */ = {isa = PBXBuildFile; fileRef = 5255EBD51A0EC325007207C7 /* SellUI.framework */; };
		5255EBE91A0EC325007207C7 /* SellUITests.swift in Sources */ = {isa = PBXBuildFile; fileRef = 5255EBE81A0EC325007207C7 /* SellUITests.swift */; };
		5255EBEC1A0EC325007207C7 /* SellUI.framework in Frameworks */ = {isa = PBXBuildFile; fileRef = 5255EBD51A0EC325007207C7 /* SellUI.framework */; };
		5255EBED1A0EC325007207C7 /* SellUI.framework in Embed Frameworks */ = {isa = PBXBuildFile; fileRef = 5255EBD51A0EC325007207C7 /* SellUI.framework */; settings = {ATTRIBUTES = (CodeSignOnCopy, RemoveHeadersOnCopy, ); }; };
		5255EBFA1A0EC38B007207C7 /* UPMSellCell.swift in Sources */ = {isa = PBXBuildFile; fileRef = 5255EBF81A0EC38B007207C7 /* UPMSellCell.swift */; };
		5255EBFB1A0EC38B007207C7 /* UPMSellCell.xib in Resources */ = {isa = PBXBuildFile; fileRef = 5255EBF91A0EC38B007207C7 /* UPMSellCell.xib */; };
		5255EBFD1A0EC450007207C7 /* UPMCircleView.swift in Sources */ = {isa = PBXBuildFile; fileRef = 5255EBFC1A0EC450007207C7 /* UPMCircleView.swift */; };
		5255EC001A0EC7A6007207C7 /* UPMColorExtension.swift in Sources */ = {isa = PBXBuildFile; fileRef = 5255EBFF1A0EC7A6007207C7 /* UPMColorExtension.swift */; };
		5255EC011A0EC7A6007207C7 /* UPMColorExtension.swift in Sources */ = {isa = PBXBuildFile; fileRef = 5255EBFF1A0EC7A6007207C7 /* UPMColorExtension.swift */; };
		5255EC031A0ED261007207C7 /* UPMSell.storyboard in Resources */ = {isa = PBXBuildFile; fileRef = 5255EC021A0ED261007207C7 /* UPMSell.storyboard */; };
		5255EC041A0ED261007207C7 /* UPMSell.storyboard in Resources */ = {isa = PBXBuildFile; fileRef = 5255EC021A0ED261007207C7 /* UPMSell.storyboard */; };
		5255EC071A0ED58B007207C7 /* UPMSellDescriptionVC.swift in Sources */ = {isa = PBXBuildFile; fileRef = 5255EC061A0ED58B007207C7 /* UPMSellDescriptionVC.swift */; };
		5255EC081A0ED58B007207C7 /* UPMSellDescriptionVC.swift in Sources */ = {isa = PBXBuildFile; fileRef = 5255EC061A0ED58B007207C7 /* UPMSellDescriptionVC.swift */; };
		5255EC091A0EDD56007207C7 /* UPMSellCell.swift in Sources */ = {isa = PBXBuildFile; fileRef = 5255EBF81A0EC38B007207C7 /* UPMSellCell.swift */; };
		5255EC0A1A0EDD60007207C7 /* UPMSellCell.xib in Resources */ = {isa = PBXBuildFile; fileRef = 5255EBF91A0EC38B007207C7 /* UPMSellCell.xib */; };
		5255EC0B1A0EE0A8007207C7 /* Main.storyboard in Resources */ = {isa = PBXBuildFile; fileRef = 52AF3D4C19E77BBF007E0D22 /* Main.storyboard */; };
		5255EC0C1A0EE0AE007207C7 /* ViewController.swift in Sources */ = {isa = PBXBuildFile; fileRef = 52AF3D4A19E77BBF007E0D22 /* ViewController.swift */; };
		5255EC0E1A0EE0DD007207C7 /* DefaultVC.swift in Sources */ = {isa = PBXBuildFile; fileRef = 5255EC0D1A0EE0DD007207C7 /* DefaultVC.swift */; };
		5255EC0F1A0EE382007207C7 /* UPMCircleView.swift in Sources */ = {isa = PBXBuildFile; fileRef = 5255EBFC1A0EC450007207C7 /* UPMCircleView.swift */; };
		525B89801A17F82000A7CB6D /* UPMSellDescriptionTextView.swift in Sources */ = {isa = PBXBuildFile; fileRef = 525B897F1A17F82000A7CB6D /* UPMSellDescriptionTextView.swift */; };
		525B89811A17FA8C00A7CB6D /* UPMViewControllerExtension.swift in Sources */ = {isa = PBXBuildFile; fileRef = 525C31081A10A08800C47790 /* UPMViewControllerExtension.swift */; };
		525B89821A17FC9E00A7CB6D /* UPMSellDescriptionTextView.swift in Sources */ = {isa = PBXBuildFile; fileRef = 525B897F1A17F82000A7CB6D /* UPMSellDescriptionTextView.swift */; };
		525B89851A18039000A7CB6D /* UPMarketplace-Bridging-Header.h in Headers */ = {isa = PBXBuildFile; fileRef = 52234A9B19E77EE400E899B8 /* UPMarketplace-Bridging-Header.h */; };
		525B89891A18271500A7CB6D /* UPMSellPriceFormatTVC.swift in Sources */ = {isa = PBXBuildFile; fileRef = 525B89881A18271500A7CB6D /* UPMSellPriceFormatTVC.swift */; };
		525C31091A10A08800C47790 /* UPMViewControllerExtension.swift in Sources */ = {isa = PBXBuildFile; fileRef = 525C31081A10A08800C47790 /* UPMViewControllerExtension.swift */; };
		529BDB211A241FC400F4E8EE /* UPMSellTextbookTVC.swift in Sources */ = {isa = PBXBuildFile; fileRef = 529BDB201A241FC400F4E8EE /* UPMSellTextbookTVC.swift */; };
		529D60601A3CCBDA0045C6A2 /* UPMListing.swift in Sources */ = {isa = PBXBuildFile; fileRef = 529D605F1A3CCBDA0045C6A2 /* UPMListing.swift */; };
		52AF3D4919E77BBF007E0D22 /* AppDelegate.swift in Sources */ = {isa = PBXBuildFile; fileRef = 52AF3D4819E77BBF007E0D22 /* AppDelegate.swift */; };
		52AF3D5019E77BBF007E0D22 /* Images.xcassets in Resources */ = {isa = PBXBuildFile; fileRef = 52AF3D4F19E77BBF007E0D22 /* Images.xcassets */; };
		52AF3D5319E77BBF007E0D22 /* LaunchScreen.xib in Resources */ = {isa = PBXBuildFile; fileRef = 52AF3D5119E77BBF007E0D22 /* LaunchScreen.xib */; };
		52AF3D5F19E77BBF007E0D22 /* UPMarketplaceTests.swift in Sources */ = {isa = PBXBuildFile; fileRef = 52AF3D5E19E77BBF007E0D22 /* UPMarketplaceTests.swift */; };
		52AF3D6C19E77D9B007E0D22 /* Bolts.framework in Frameworks */ = {isa = PBXBuildFile; fileRef = 52AF3D6919E77D9B007E0D22 /* Bolts.framework */; };
		52AF3D6D19E77D9B007E0D22 /* Parse.framework in Frameworks */ = {isa = PBXBuildFile; fileRef = 52AF3D6A19E77D9B007E0D22 /* Parse.framework */; };
		52AF3D6E19E77D9B007E0D22 /* ParseFacebookUtils.framework in Frameworks */ = {isa = PBXBuildFile; fileRef = 52AF3D6B19E77D9B007E0D22 /* ParseFacebookUtils.framework */; };
		52C063191A1EFA250088907E /* UPMOtherListingCategoryCell.swift in Sources */ = {isa = PBXBuildFile; fileRef = 52C063181A1EFA250088907E /* UPMOtherListingCategoryCell.swift */; };
		52C0631D1A1F012C0088907E /* UPMOtherListingCategoryCell.swift in Sources */ = {isa = PBXBuildFile; fileRef = 52C063181A1EFA250088907E /* UPMOtherListingCategoryCell.swift */; };
		52C0631F1A1F02000088907E /* UPMOtherListingCategoryTVC.swift in Sources */ = {isa = PBXBuildFile; fileRef = 52C0631E1A1F02000088907E /* UPMOtherListingCategoryTVC.swift */; };
		52DC22021A2422F9000DC5FC /* UPMTextbookListing.swift in Sources */ = {isa = PBXBuildFile; fileRef = 52DC22011A2422F9000DC5FC /* UPMTextbookListing.swift */; };
		52DC22041A2436C3000DC5FC /* UPMSellTextbookDetailsTVC.swift in Sources */ = {isa = PBXBuildFile; fileRef = 52DC22031A2436C3000DC5FC /* UPMSellTextbookDetailsTVC.swift */; };
		52E571681A1DD8B90056FCD8 /* UPMSellOtherTVC.swift in Sources */ = {isa = PBXBuildFile; fileRef = 52E571671A1DD8B90056FCD8 /* UPMSellOtherTVC.swift */; };
		52E5716A1A1DDF0C0056FCD8 /* UPMOtherListing.swift in Sources */ = {isa = PBXBuildFile; fileRef = 52E571691A1DDF0C0056FCD8 /* UPMOtherListing.swift */; };
		52E5716E1A1E9CA70056FCD8 /* UPMSellDetailsTVC.swift in Sources */ = {isa = PBXBuildFile; fileRef = 52E5716D1A1E9CA70056FCD8 /* UPMSellDetailsTVC.swift */; };
		52E571701A1ED7BD0056FCD8 /* UPMSellOtherDetailsTVC.swift in Sources */ = {isa = PBXBuildFile; fileRef = 52E5716F1A1ED7BD0056FCD8 /* UPMSellOtherDetailsTVC.swift */; };
/* End PBXBuildFile section */

/* Begin PBXContainerItemProxy section */
		5255EBE11A0EC325007207C7 /* PBXContainerItemProxy */ = {
			isa = PBXContainerItemProxy;
			containerPortal = 52AF3D3B19E77BBF007E0D22 /* Project object */;
			proxyType = 1;
			remoteGlobalIDString = 5255EBD41A0EC325007207C7;
			remoteInfo = SellUI;
		};
		5255EBE31A0EC325007207C7 /* PBXContainerItemProxy */ = {
			isa = PBXContainerItemProxy;
			containerPortal = 52AF3D3B19E77BBF007E0D22 /* Project object */;
			proxyType = 1;
			remoteGlobalIDString = 52AF3D4219E77BBF007E0D22;
			remoteInfo = UPMarketplace;
		};
		5255EBEA1A0EC325007207C7 /* PBXContainerItemProxy */ = {
			isa = PBXContainerItemProxy;
			containerPortal = 52AF3D3B19E77BBF007E0D22 /* Project object */;
			proxyType = 1;
			remoteGlobalIDString = 5255EBD41A0EC325007207C7;
			remoteInfo = SellUI;
		};
		52AF3D5919E77BBF007E0D22 /* PBXContainerItemProxy */ = {
			isa = PBXContainerItemProxy;
			containerPortal = 52AF3D3B19E77BBF007E0D22 /* Project object */;
			proxyType = 1;
			remoteGlobalIDString = 52AF3D4219E77BBF007E0D22;
			remoteInfo = UPMarketplace;
		};
/* End PBXContainerItemProxy section */

/* Begin PBXCopyFilesBuildPhase section */
		5255EBCC1A0EC2AE007207C7 /* Embed Frameworks */ = {
			isa = PBXCopyFilesBuildPhase;
			buildActionMask = 2147483647;
			dstPath = "";
			dstSubfolderSpec = 10;
			files = (
				5255EBED1A0EC325007207C7 /* SellUI.framework in Embed Frameworks */,
			);
			name = "Embed Frameworks";
			runOnlyForDeploymentPostprocessing = 0;
		};
/* End PBXCopyFilesBuildPhase section */

/* Begin PBXFileReference section */
		521E3A7F1A3CBCB000F4E7B8 /* UPMHousingListing.swift */ = {isa = PBXFileReference; fileEncoding = 4; lastKnownFileType = sourcecode.swift; path = UPMHousingListing.swift; sourceTree = "<group>"; };
		52234A8919E77E6100E899B8 /* AudioToolbox.framework */ = {isa = PBXFileReference; lastKnownFileType = wrapper.framework; name = AudioToolbox.framework; path = System/Library/Frameworks/AudioToolbox.framework; sourceTree = SDKROOT; };
		52234A8B19E77E6A00E899B8 /* CFNetwork.framework */ = {isa = PBXFileReference; lastKnownFileType = wrapper.framework; name = CFNetwork.framework; path = System/Library/Frameworks/CFNetwork.framework; sourceTree = SDKROOT; };
		52234A8D19E77E7500E899B8 /* CoreGraphics.framework */ = {isa = PBXFileReference; lastKnownFileType = wrapper.framework; name = CoreGraphics.framework; path = System/Library/Frameworks/CoreGraphics.framework; sourceTree = SDKROOT; };
		52234A8F19E77E8200E899B8 /* CoreLocation.framework */ = {isa = PBXFileReference; lastKnownFileType = wrapper.framework; name = CoreLocation.framework; path = System/Library/Frameworks/CoreLocation.framework; sourceTree = SDKROOT; };
		52234A9119E77E9000E899B8 /* libz.1.1.3.dylib */ = {isa = PBXFileReference; lastKnownFileType = "compiled.mach-o.dylib"; name = libz.1.1.3.dylib; path = usr/lib/libz.1.1.3.dylib; sourceTree = SDKROOT; };
		52234A9319E77E9900E899B8 /* MobileCoreServices.framework */ = {isa = PBXFileReference; lastKnownFileType = wrapper.framework; name = MobileCoreServices.framework; path = System/Library/Frameworks/MobileCoreServices.framework; sourceTree = SDKROOT; };
		52234A9519E77EA300E899B8 /* QuartzCore.framework */ = {isa = PBXFileReference; lastKnownFileType = wrapper.framework; name = QuartzCore.framework; path = System/Library/Frameworks/QuartzCore.framework; sourceTree = SDKROOT; };
		52234A9719E77EAB00E899B8 /* Security.framework */ = {isa = PBXFileReference; lastKnownFileType = wrapper.framework; name = Security.framework; path = System/Library/Frameworks/Security.framework; sourceTree = SDKROOT; };
		52234A9919E77EB600E899B8 /* SystemConfiguration.framework */ = {isa = PBXFileReference; lastKnownFileType = wrapper.framework; name = SystemConfiguration.framework; path = System/Library/Frameworks/SystemConfiguration.framework; sourceTree = SDKROOT; };
		52234A9B19E77EE400E899B8 /* UPMarketplace-Bridging-Header.h */ = {isa = PBXFileReference; lastKnownFileType = sourcecode.c.h; path = "UPMarketplace-Bridging-Header.h"; sourceTree = "<group>"; };
		5228B8671A19AB0F004AED8C /* UPMSellTitleCell.swift */ = {isa = PBXFileReference; fileEncoding = 4; lastKnownFileType = sourcecode.swift; path = UPMSellTitleCell.swift; sourceTree = "<group>"; };
		5228B8681A19AB0F004AED8C /* UPMSellTitleCell.xib */ = {isa = PBXFileReference; fileEncoding = 4; lastKnownFileType = file.xib; path = UPMSellTitleCell.xib; sourceTree = "<group>"; };
		5228B86E1A19B4E7004AED8C /* UPMSellTitleTVC.swift */ = {isa = PBXFileReference; fileEncoding = 4; lastKnownFileType = sourcecode.swift; path = UPMSellTitleTVC.swift; sourceTree = "<group>"; };
		5228B8701A1D34F7004AED8C /* UPMSellImagePickerVC.swift */ = {isa = PBXFileReference; fileEncoding = 4; lastKnownFileType = sourcecode.swift; path = UPMSellImagePickerVC.swift; sourceTree = "<group>"; };
		5228B8721A1D3C5D004AED8C /* UPMSellImageOverlay.xib */ = {isa = PBXFileReference; fileEncoding = 4; lastKnownFileType = file.xib; path = UPMSellImageOverlay.xib; sourceTree = "<group>"; };
		524F40A91A104448002B47B6 /* UPMSellItem.swift */ = {isa = PBXFileReference; fileEncoding = 4; lastKnownFileType = sourcecode.swift; path = UPMSellItem.swift; sourceTree = "<group>"; };
		524F40AB1A104D54002B47B6 /* UPMSellItemContainer.swift */ = {isa = PBXFileReference; fileEncoding = 4; lastKnownFileType = sourcecode.swift; path = UPMSellItemContainer.swift; sourceTree = "<group>"; };
		524F40AF1A107CD6002B47B6 /* UPMSellSubClassTVCViewController.swift */ = {isa = PBXFileReference; fileEncoding = 4; lastKnownFileType = sourcecode.swift; path = UPMSellSubClassTVCViewController.swift; sourceTree = "<group>"; };
		524F40B11A10937A002B47B6 /* UPMSellExtension.swift */ = {isa = PBXFileReference; fileEncoding = 4; lastKnownFileType = sourcecode.swift; path = UPMSellExtension.swift; sourceTree = "<group>"; };
		5255EBA61A0EBEBA007207C7 /* UPMSellTVC.swift */ = {isa = PBXFileReference; fileEncoding = 4; lastKnownFileType = sourcecode.swift; path = UPMSellTVC.swift; sourceTree = "<group>"; };
		5255EBD51A0EC325007207C7 /* SellUI.framework */ = {isa = PBXFileReference; explicitFileType = wrapper.framework; includeInIndex = 0; path = SellUI.framework; sourceTree = BUILT_PRODUCTS_DIR; };
		5255EBD81A0EC325007207C7 /* Info.plist */ = {isa = PBXFileReference; lastKnownFileType = text.plist.xml; path = Info.plist; sourceTree = "<group>"; };
		5255EBD91A0EC325007207C7 /* SellUI.h */ = {isa = PBXFileReference; lastKnownFileType = sourcecode.c.h; path = SellUI.h; sourceTree = "<group>"; };
		5255EBDF1A0EC325007207C7 /* SellUITests.xctest */ = {isa = PBXFileReference; explicitFileType = wrapper.cfbundle; includeInIndex = 0; path = SellUITests.xctest; sourceTree = BUILT_PRODUCTS_DIR; };
		5255EBE71A0EC325007207C7 /* Info.plist */ = {isa = PBXFileReference; lastKnownFileType = text.plist.xml; path = Info.plist; sourceTree = "<group>"; };
		5255EBE81A0EC325007207C7 /* SellUITests.swift */ = {isa = PBXFileReference; lastKnownFileType = sourcecode.swift; path = SellUITests.swift; sourceTree = "<group>"; };
		5255EBF81A0EC38B007207C7 /* UPMSellCell.swift */ = {isa = PBXFileReference; fileEncoding = 4; lastKnownFileType = sourcecode.swift; path = UPMSellCell.swift; sourceTree = "<group>"; };
		5255EBF91A0EC38B007207C7 /* UPMSellCell.xib */ = {isa = PBXFileReference; fileEncoding = 4; lastKnownFileType = file.xib; path = UPMSellCell.xib; sourceTree = "<group>"; };
		5255EBFC1A0EC450007207C7 /* UPMCircleView.swift */ = {isa = PBXFileReference; fileEncoding = 4; lastKnownFileType = sourcecode.swift; path = UPMCircleView.swift; sourceTree = "<group>"; };
		5255EBFF1A0EC7A6007207C7 /* UPMColorExtension.swift */ = {isa = PBXFileReference; fileEncoding = 4; lastKnownFileType = sourcecode.swift; path = UPMColorExtension.swift; sourceTree = "<group>"; };
		5255EC021A0ED261007207C7 /* UPMSell.storyboard */ = {isa = PBXFileReference; fileEncoding = 4; lastKnownFileType = file.storyboard; path = UPMSell.storyboard; sourceTree = "<group>"; };
		5255EC061A0ED58B007207C7 /* UPMSellDescriptionVC.swift */ = {isa = PBXFileReference; fileEncoding = 4; lastKnownFileType = sourcecode.swift; path = UPMSellDescriptionVC.swift; sourceTree = "<group>"; };
		5255EC0D1A0EE0DD007207C7 /* DefaultVC.swift */ = {isa = PBXFileReference; fileEncoding = 4; lastKnownFileType = sourcecode.swift; path = DefaultVC.swift; sourceTree = "<group>"; };
		525B897F1A17F82000A7CB6D /* UPMSellDescriptionTextView.swift */ = {isa = PBXFileReference; fileEncoding = 4; lastKnownFileType = sourcecode.swift; path = UPMSellDescriptionTextView.swift; sourceTree = "<group>"; };
		525B89881A18271500A7CB6D /* UPMSellPriceFormatTVC.swift */ = {isa = PBXFileReference; fileEncoding = 4; lastKnownFileType = sourcecode.swift; path = UPMSellPriceFormatTVC.swift; sourceTree = "<group>"; };
		525C31081A10A08800C47790 /* UPMViewControllerExtension.swift */ = {isa = PBXFileReference; fileEncoding = 4; lastKnownFileType = sourcecode.swift; path = UPMViewControllerExtension.swift; sourceTree = "<group>"; };
		529BDB201A241FC400F4E8EE /* UPMSellTextbookTVC.swift */ = {isa = PBXFileReference; fileEncoding = 4; lastKnownFileType = sourcecode.swift; path = UPMSellTextbookTVC.swift; sourceTree = "<group>"; };
		529D605F1A3CCBDA0045C6A2 /* UPMListing.swift */ = {isa = PBXFileReference; fileEncoding = 4; lastKnownFileType = sourcecode.swift; path = UPMListing.swift; sourceTree = "<group>"; };
		52AF3D4319E77BBF007E0D22 /* UPMarketplace.app */ = {isa = PBXFileReference; explicitFileType = wrapper.application; includeInIndex = 0; path = UPMarketplace.app; sourceTree = BUILT_PRODUCTS_DIR; };
		52AF3D4719E77BBF007E0D22 /* Info.plist */ = {isa = PBXFileReference; lastKnownFileType = text.plist.xml; path = Info.plist; sourceTree = "<group>"; };
		52AF3D4819E77BBF007E0D22 /* AppDelegate.swift */ = {isa = PBXFileReference; lastKnownFileType = sourcecode.swift; path = AppDelegate.swift; sourceTree = "<group>"; };
		52AF3D4A19E77BBF007E0D22 /* ViewController.swift */ = {isa = PBXFileReference; lastKnownFileType = sourcecode.swift; path = ViewController.swift; sourceTree = "<group>"; };
		52AF3D4D19E77BBF007E0D22 /* Base */ = {isa = PBXFileReference; lastKnownFileType = file.storyboard; name = Base; path = Base.lproj/Main.storyboard; sourceTree = "<group>"; };
		52AF3D4F19E77BBF007E0D22 /* Images.xcassets */ = {isa = PBXFileReference; lastKnownFileType = folder.assetcatalog; path = Images.xcassets; sourceTree = "<group>"; };
		52AF3D5219E77BBF007E0D22 /* Base */ = {isa = PBXFileReference; lastKnownFileType = file.xib; name = Base; path = Base.lproj/LaunchScreen.xib; sourceTree = "<group>"; };
		52AF3D5819E77BBF007E0D22 /* UPMarketplaceTests.xctest */ = {isa = PBXFileReference; explicitFileType = wrapper.cfbundle; includeInIndex = 0; path = UPMarketplaceTests.xctest; sourceTree = BUILT_PRODUCTS_DIR; };
		52AF3D5D19E77BBF007E0D22 /* Info.plist */ = {isa = PBXFileReference; lastKnownFileType = text.plist.xml; path = Info.plist; sourceTree = "<group>"; };
		52AF3D5E19E77BBF007E0D22 /* UPMarketplaceTests.swift */ = {isa = PBXFileReference; lastKnownFileType = sourcecode.swift; path = UPMarketplaceTests.swift; sourceTree = "<group>"; };
		52AF3D6919E77D9B007E0D22 /* Bolts.framework */ = {isa = PBXFileReference; lastKnownFileType = wrapper.framework; path = Bolts.framework; sourceTree = "<group>"; };
		52AF3D6A19E77D9B007E0D22 /* Parse.framework */ = {isa = PBXFileReference; lastKnownFileType = wrapper.framework; path = Parse.framework; sourceTree = "<group>"; };
		52AF3D6B19E77D9B007E0D22 /* ParseFacebookUtils.framework */ = {isa = PBXFileReference; lastKnownFileType = wrapper.framework; path = ParseFacebookUtils.framework; sourceTree = "<group>"; };
		52C063181A1EFA250088907E /* UPMOtherListingCategoryCell.swift */ = {isa = PBXFileReference; fileEncoding = 4; lastKnownFileType = sourcecode.swift; path = UPMOtherListingCategoryCell.swift; sourceTree = "<group>"; };
		52C0631E1A1F02000088907E /* UPMOtherListingCategoryTVC.swift */ = {isa = PBXFileReference; fileEncoding = 4; lastKnownFileType = sourcecode.swift; path = UPMOtherListingCategoryTVC.swift; sourceTree = "<group>"; };
		52DC22011A2422F9000DC5FC /* UPMTextbookListing.swift */ = {isa = PBXFileReference; fileEncoding = 4; lastKnownFileType = sourcecode.swift; path = UPMTextbookListing.swift; sourceTree = "<group>"; };
		52DC22031A2436C3000DC5FC /* UPMSellTextbookDetailsTVC.swift */ = {isa = PBXFileReference; fileEncoding = 4; lastKnownFileType = sourcecode.swift; path = UPMSellTextbookDetailsTVC.swift; sourceTree = "<group>"; };
		52E571671A1DD8B90056FCD8 /* UPMSellOtherTVC.swift */ = {isa = PBXFileReference; fileEncoding = 4; lastKnownFileType = sourcecode.swift; path = UPMSellOtherTVC.swift; sourceTree = "<group>"; };
		52E571691A1DDF0C0056FCD8 /* UPMOtherListing.swift */ = {isa = PBXFileReference; fileEncoding = 4; lastKnownFileType = sourcecode.swift; path = UPMOtherListing.swift; sourceTree = "<group>"; };
		52E5716D1A1E9CA70056FCD8 /* UPMSellDetailsTVC.swift */ = {isa = PBXFileReference; fileEncoding = 4; lastKnownFileType = sourcecode.swift; path = UPMSellDetailsTVC.swift; sourceTree = "<group>"; };
		52E5716F1A1ED7BD0056FCD8 /* UPMSellOtherDetailsTVC.swift */ = {isa = PBXFileReference; fileEncoding = 4; lastKnownFileType = sourcecode.swift; path = UPMSellOtherDetailsTVC.swift; sourceTree = "<group>"; };
/* End PBXFileReference section */

/* Begin PBXFrameworksBuildPhase section */
		5255EBD11A0EC325007207C7 /* Frameworks */ = {
			isa = PBXFrameworksBuildPhase;
			buildActionMask = 2147483647;
			files = (
			);
			runOnlyForDeploymentPostprocessing = 0;
		};
		5255EBDC1A0EC325007207C7 /* Frameworks */ = {
			isa = PBXFrameworksBuildPhase;
			buildActionMask = 2147483647;
			files = (
				5255EBE01A0EC325007207C7 /* SellUI.framework in Frameworks */,
			);
			runOnlyForDeploymentPostprocessing = 0;
		};
		52AF3D4019E77BBF007E0D22 /* Frameworks */ = {
			isa = PBXFrameworksBuildPhase;
			buildActionMask = 2147483647;
			files = (
				52234A9A19E77EB600E899B8 /* SystemConfiguration.framework in Frameworks */,
				52234A9819E77EAB00E899B8 /* Security.framework in Frameworks */,
				52234A9619E77EA300E899B8 /* QuartzCore.framework in Frameworks */,
				52234A9419E77E9900E899B8 /* MobileCoreServices.framework in Frameworks */,
				52234A9219E77E9000E899B8 /* libz.1.1.3.dylib in Frameworks */,
				52234A9019E77E8200E899B8 /* CoreLocation.framework in Frameworks */,
				52234A8E19E77E7500E899B8 /* CoreGraphics.framework in Frameworks */,
				52234A8C19E77E6A00E899B8 /* CFNetwork.framework in Frameworks */,
				52234A8A19E77E6100E899B8 /* AudioToolbox.framework in Frameworks */,
				52AF3D6D19E77D9B007E0D22 /* Parse.framework in Frameworks */,
				52AF3D6C19E77D9B007E0D22 /* Bolts.framework in Frameworks */,
				5255EBEC1A0EC325007207C7 /* SellUI.framework in Frameworks */,
				52AF3D6E19E77D9B007E0D22 /* ParseFacebookUtils.framework in Frameworks */,
			);
			runOnlyForDeploymentPostprocessing = 0;
		};
		52AF3D5519E77BBF007E0D22 /* Frameworks */ = {
			isa = PBXFrameworksBuildPhase;
			buildActionMask = 2147483647;
			files = (
			);
			runOnlyForDeploymentPostprocessing = 0;
		};
/* End PBXFrameworksBuildPhase section */

/* Begin PBXGroup section */
		5255EBA51A0EBDCB007207C7 /* Abstract */ = {
			isa = PBXGroup;
			children = (
				5255EBA61A0EBEBA007207C7 /* UPMSellTVC.swift */,
				52E5716D1A1E9CA70056FCD8 /* UPMSellDetailsTVC.swift */,
				524F40B11A10937A002B47B6 /* UPMSellExtension.swift */,
				524F40AF1A107CD6002B47B6 /* UPMSellSubClassTVCViewController.swift */,
			);
			name = Abstract;
			sourceTree = "<group>";
		};
		5255EBAA1A0EBF9E007207C7 /* Model */ = {
			isa = PBXGroup;
			children = (
				529D605F1A3CCBDA0045C6A2 /* UPMListing.swift */,
				52E571691A1DDF0C0056FCD8 /* UPMOtherListing.swift */,
				52DC22011A2422F9000DC5FC /* UPMTextbookListing.swift */,
				521E3A7F1A3CBCB000F4E7B8 /* UPMHousingListing.swift */,
				524F40A91A104448002B47B6 /* UPMSellItem.swift */,
				524F40AB1A104D54002B47B6 /* UPMSellItemContainer.swift */,
			);
			name = Model;
			sourceTree = "<group>";
		};
		5255EBD61A0EC325007207C7 /* SellUI */ = {
			isa = PBXGroup;
			children = (
				5255EBD91A0EC325007207C7 /* SellUI.h */,
				5228B8671A19AB0F004AED8C /* UPMSellTitleCell.swift */,
				5228B8681A19AB0F004AED8C /* UPMSellTitleCell.xib */,
				5255EBF81A0EC38B007207C7 /* UPMSellCell.swift */,
				5255EBF91A0EC38B007207C7 /* UPMSellCell.xib */,
				5255EBFC1A0EC450007207C7 /* UPMCircleView.swift */,
				525B897F1A17F82000A7CB6D /* UPMSellDescriptionTextView.swift */,
				52C063181A1EFA250088907E /* UPMOtherListingCategoryCell.swift */,
				5255EBD71A0EC325007207C7 /* Supporting Files */,
			);
			path = SellUI;
			sourceTree = "<group>";
		};
		5255EBD71A0EC325007207C7 /* Supporting Files */ = {
			isa = PBXGroup;
			children = (
				5255EBD81A0EC325007207C7 /* Info.plist */,
			);
			name = "Supporting Files";
			sourceTree = "<group>";
		};
		5255EBE51A0EC325007207C7 /* SellUITests */ = {
			isa = PBXGroup;
			children = (
				5255EBE81A0EC325007207C7 /* SellUITests.swift */,
				5255EBE61A0EC325007207C7 /* Supporting Files */,
			);
			path = SellUITests;
			sourceTree = "<group>";
		};
		5255EBE61A0EC325007207C7 /* Supporting Files */ = {
			isa = PBXGroup;
			children = (
				5255EBE71A0EC325007207C7 /* Info.plist */,
			);
			name = "Supporting Files";
			sourceTree = "<group>";
		};
		5255EBFE1A0EC72A007207C7 /* Extensions */ = {
			isa = PBXGroup;
			children = (
				5255EBFF1A0EC7A6007207C7 /* UPMColorExtension.swift */,
				525C31081A10A08800C47790 /* UPMViewControllerExtension.swift */,
			);
			name = Extensions;
			sourceTree = "<group>";
		};
		5255EC051A0ED55D007207C7 /* Controllers */ = {
			isa = PBXGroup;
			children = (
				5255EC061A0ED58B007207C7 /* UPMSellDescriptionVC.swift */,
				525B89881A18271500A7CB6D /* UPMSellPriceFormatTVC.swift */,
				5228B86E1A19B4E7004AED8C /* UPMSellTitleTVC.swift */,
				5228B8701A1D34F7004AED8C /* UPMSellImagePickerVC.swift */,
				5228B8721A1D3C5D004AED8C /* UPMSellImageOverlay.xib */,
				529BDB1F1A24151100F4E8EE /* SellTextbook */,
				529BDB1E1A2414FB00F4E8EE /* SellOther */,
			);
			name = Controllers;
			sourceTree = "<group>";
		};
		525B898A1A18994400A7CB6D /* Sell */ = {
			isa = PBXGroup;
			children = (
				5255EC021A0ED261007207C7 /* UPMSell.storyboard */,
				5255EBA51A0EBDCB007207C7 /* Abstract */,
				5255EBAA1A0EBF9E007207C7 /* Model */,
				5255EBFE1A0EC72A007207C7 /* Extensions */,
				5255EC051A0ED55D007207C7 /* Controllers */,
			);
			name = Sell;
			sourceTree = "<group>";
		};
		529BDB1E1A2414FB00F4E8EE /* SellOther */ = {
			isa = PBXGroup;
			children = (
				52E571671A1DD8B90056FCD8 /* UPMSellOtherTVC.swift */,
				52E5716F1A1ED7BD0056FCD8 /* UPMSellOtherDetailsTVC.swift */,
				52C0631E1A1F02000088907E /* UPMOtherListingCategoryTVC.swift */,
			);
			name = SellOther;
			sourceTree = "<group>";
		};
		529BDB1F1A24151100F4E8EE /* SellTextbook */ = {
			isa = PBXGroup;
			children = (
				529BDB201A241FC400F4E8EE /* UPMSellTextbookTVC.swift */,
				52DC22031A2436C3000DC5FC /* UPMSellTextbookDetailsTVC.swift */,
			);
			name = SellTextbook;
			sourceTree = "<group>";
		};
		52AF3D3A19E77BBF007E0D22 = {
			isa = PBXGroup;
			children = (
				52AF3D4519E77BBF007E0D22 /* UPMarketplace */,
				5255EBD61A0EC325007207C7 /* SellUI */,
				5255EBE51A0EC325007207C7 /* SellUITests */,
				52AF3D6819E77CED007E0D22 /* Frameworks */,
				52AF3D5B19E77BBF007E0D22 /* UPMarketplaceTests */,
				52AF3D4419E77BBF007E0D22 /* Products */,
			);
			sourceTree = "<group>";
		};
		52AF3D4419E77BBF007E0D22 /* Products */ = {
			isa = PBXGroup;
			children = (
				52AF3D4319E77BBF007E0D22 /* UPMarketplace.app */,
				52AF3D5819E77BBF007E0D22 /* UPMarketplaceTests.xctest */,
				5255EBD51A0EC325007207C7 /* SellUI.framework */,
				5255EBDF1A0EC325007207C7 /* SellUITests.xctest */,
			);
			name = Products;
			sourceTree = "<group>";
		};
		52AF3D4519E77BBF007E0D22 /* UPMarketplace */ = {
			isa = PBXGroup;
			children = (
				52AF3D4C19E77BBF007E0D22 /* Main.storyboard */,
				525B898A1A18994400A7CB6D /* Sell */,
				52AF3D4A19E77BBF007E0D22 /* ViewController.swift */,
				5255EC0D1A0EE0DD007207C7 /* DefaultVC.swift */,
				52AF3D4819E77BBF007E0D22 /* AppDelegate.swift */,
				52AF3D4F19E77BBF007E0D22 /* Images.xcassets */,
				52AF3D5119E77BBF007E0D22 /* LaunchScreen.xib */,
				52AF3D4619E77BBF007E0D22 /* Supporting Files */,
				52234A9B19E77EE400E899B8 /* UPMarketplace-Bridging-Header.h */,
			);
			path = UPMarketplace;
			sourceTree = "<group>";
		};
		52AF3D4619E77BBF007E0D22 /* Supporting Files */ = {
			isa = PBXGroup;
			children = (
				52AF3D4719E77BBF007E0D22 /* Info.plist */,
			);
			name = "Supporting Files";
			sourceTree = "<group>";
		};
		52AF3D5B19E77BBF007E0D22 /* UPMarketplaceTests */ = {
			isa = PBXGroup;
			children = (
				52AF3D5E19E77BBF007E0D22 /* UPMarketplaceTests.swift */,
				52AF3D5C19E77BBF007E0D22 /* Supporting Files */,
			);
			path = UPMarketplaceTests;
			sourceTree = "<group>";
		};
		52AF3D5C19E77BBF007E0D22 /* Supporting Files */ = {
			isa = PBXGroup;
			children = (
				52AF3D5D19E77BBF007E0D22 /* Info.plist */,
			);
			name = "Supporting Files";
			sourceTree = "<group>";
		};
		52AF3D6819E77CED007E0D22 /* Frameworks */ = {
			isa = PBXGroup;
			children = (
				52234A9919E77EB600E899B8 /* SystemConfiguration.framework */,
				52234A9719E77EAB00E899B8 /* Security.framework */,
				52234A9519E77EA300E899B8 /* QuartzCore.framework */,
				52234A9319E77E9900E899B8 /* MobileCoreServices.framework */,
				52234A9119E77E9000E899B8 /* libz.1.1.3.dylib */,
				52234A8F19E77E8200E899B8 /* CoreLocation.framework */,
				52234A8D19E77E7500E899B8 /* CoreGraphics.framework */,
				52234A8B19E77E6A00E899B8 /* CFNetwork.framework */,
				52234A8919E77E6100E899B8 /* AudioToolbox.framework */,
				52AF3D6919E77D9B007E0D22 /* Bolts.framework */,
				52AF3D6A19E77D9B007E0D22 /* Parse.framework */,
				52AF3D6B19E77D9B007E0D22 /* ParseFacebookUtils.framework */,
			);
			name = Frameworks;
			path = UPMarketplace;
			sourceTree = "<group>";
		};
/* End PBXGroup section */

/* Begin PBXHeadersBuildPhase section */
		5255EBD21A0EC325007207C7 /* Headers */ = {
			isa = PBXHeadersBuildPhase;
			buildActionMask = 2147483647;
			files = (
				525B89851A18039000A7CB6D /* UPMarketplace-Bridging-Header.h in Headers */,
				5255EBDA1A0EC325007207C7 /* SellUI.h in Headers */,
			);
			runOnlyForDeploymentPostprocessing = 0;
		};
/* End PBXHeadersBuildPhase section */

/* Begin PBXNativeTarget section */
		5255EBD41A0EC325007207C7 /* SellUI */ = {
			isa = PBXNativeTarget;
			buildConfigurationList = 5255EBEE1A0EC325007207C7 /* Build configuration list for PBXNativeTarget "SellUI" */;
			buildPhases = (
				5255EBD01A0EC325007207C7 /* Sources */,
				5255EBD11A0EC325007207C7 /* Frameworks */,
				5255EBD21A0EC325007207C7 /* Headers */,
				5255EBD31A0EC325007207C7 /* Resources */,
			);
			buildRules = (
			);
			dependencies = (
			);
			name = SellUI;
			productName = SellUI;
			productReference = 5255EBD51A0EC325007207C7 /* SellUI.framework */;
			productType = "com.apple.product-type.framework";
		};
		5255EBDE1A0EC325007207C7 /* SellUITests */ = {
			isa = PBXNativeTarget;
			buildConfigurationList = 5255EBF11A0EC325007207C7 /* Build configuration list for PBXNativeTarget "SellUITests" */;
			buildPhases = (
				5255EBDB1A0EC325007207C7 /* Sources */,
				5255EBDC1A0EC325007207C7 /* Frameworks */,
				5255EBDD1A0EC325007207C7 /* Resources */,
			);
			buildRules = (
			);
			dependencies = (
				5255EBE21A0EC325007207C7 /* PBXTargetDependency */,
				5255EBE41A0EC325007207C7 /* PBXTargetDependency */,
			);
			name = SellUITests;
			productName = SellUITests;
			productReference = 5255EBDF1A0EC325007207C7 /* SellUITests.xctest */;
			productType = "com.apple.product-type.bundle.unit-test";
		};
		52AF3D4219E77BBF007E0D22 /* UPMarketplace */ = {
			isa = PBXNativeTarget;
			buildConfigurationList = 52AF3D6219E77BBF007E0D22 /* Build configuration list for PBXNativeTarget "UPMarketplace" */;
			buildPhases = (
				52AF3D3F19E77BBF007E0D22 /* Sources */,
				52AF3D4019E77BBF007E0D22 /* Frameworks */,
				52AF3D4119E77BBF007E0D22 /* Resources */,
				5255EBCC1A0EC2AE007207C7 /* Embed Frameworks */,
			);
			buildRules = (
			);
			dependencies = (
				5255EBEB1A0EC325007207C7 /* PBXTargetDependency */,
			);
			name = UPMarketplace;
			productName = UPMarketplace;
			productReference = 52AF3D4319E77BBF007E0D22 /* UPMarketplace.app */;
			productType = "com.apple.product-type.application";
		};
		52AF3D5719E77BBF007E0D22 /* UPMarketplaceTests */ = {
			isa = PBXNativeTarget;
			buildConfigurationList = 52AF3D6519E77BBF007E0D22 /* Build configuration list for PBXNativeTarget "UPMarketplaceTests" */;
			buildPhases = (
				52AF3D5419E77BBF007E0D22 /* Sources */,
				52AF3D5519E77BBF007E0D22 /* Frameworks */,
				52AF3D5619E77BBF007E0D22 /* Resources */,
			);
			buildRules = (
			);
			dependencies = (
				52AF3D5A19E77BBF007E0D22 /* PBXTargetDependency */,
			);
			name = UPMarketplaceTests;
			productName = UPMarketplaceTests;
			productReference = 52AF3D5819E77BBF007E0D22 /* UPMarketplaceTests.xctest */;
			productType = "com.apple.product-type.bundle.unit-test";
		};
/* End PBXNativeTarget section */

/* Begin PBXProject section */
		52AF3D3B19E77BBF007E0D22 /* Project object */ = {
			isa = PBXProject;
			attributes = {
				LastUpgradeCheck = 0600;
				ORGANIZATIONNAME = "UP Marketplace";
				TargetAttributes = {
					5255EBD41A0EC325007207C7 = {
						CreatedOnToolsVersion = 6.1;
					};
					5255EBDE1A0EC325007207C7 = {
						CreatedOnToolsVersion = 6.1;
						TestTargetID = 52AF3D4219E77BBF007E0D22;
					};
					52AF3D4219E77BBF007E0D22 = {
						CreatedOnToolsVersion = 6.0.1;
						DevelopmentTeam = JQGA5FS44F;
					};
					52AF3D5719E77BBF007E0D22 = {
						CreatedOnToolsVersion = 6.0.1;
						TestTargetID = 52AF3D4219E77BBF007E0D22;
					};
				};
			};
			buildConfigurationList = 52AF3D3E19E77BBF007E0D22 /* Build configuration list for PBXProject "UPMarketplace" */;
			compatibilityVersion = "Xcode 3.2";
			developmentRegion = English;
			hasScannedForEncodings = 0;
			knownRegions = (
				en,
				Base,
			);
			mainGroup = 52AF3D3A19E77BBF007E0D22;
			productRefGroup = 52AF3D4419E77BBF007E0D22 /* Products */;
			projectDirPath = "";
			projectRoot = "";
			targets = (
				52AF3D4219E77BBF007E0D22 /* UPMarketplace */,
				52AF3D5719E77BBF007E0D22 /* UPMarketplaceTests */,
				5255EBD41A0EC325007207C7 /* SellUI */,
				5255EBDE1A0EC325007207C7 /* SellUITests */,
			);
		};
/* End PBXProject section */

/* Begin PBXResourcesBuildPhase section */
		5255EBD31A0EC325007207C7 /* Resources */ = {
			isa = PBXResourcesBuildPhase;
			buildActionMask = 2147483647;
			files = (
				5228B86A1A19AB0F004AED8C /* UPMSellTitleCell.xib in Resources */,
				5255EBFB1A0EC38B007207C7 /* UPMSellCell.xib in Resources */,
				5255EC041A0ED261007207C7 /* UPMSell.storyboard in Resources */,
			);
			runOnlyForDeploymentPostprocessing = 0;
		};
		5255EBDD1A0EC325007207C7 /* Resources */ = {
			isa = PBXResourcesBuildPhase;
			buildActionMask = 2147483647;
			files = (
			);
			runOnlyForDeploymentPostprocessing = 0;
		};
		52AF3D4119E77BBF007E0D22 /* Resources */ = {
			isa = PBXResourcesBuildPhase;
			buildActionMask = 2147483647;
			files = (
				52AF3D5319E77BBF007E0D22 /* LaunchScreen.xib in Resources */,
				5255EC0B1A0EE0A8007207C7 /* Main.storyboard in Resources */,
				52AF3D5019E77BBF007E0D22 /* Images.xcassets in Resources */,
				5228B86D1A19B17E004AED8C /* UPMSellTitleCell.xib in Resources */,
				5255EC031A0ED261007207C7 /* UPMSell.storyboard in Resources */,
				5228B8731A1D3C5D004AED8C /* UPMSellImageOverlay.xib in Resources */,
				5255EC0A1A0EDD60007207C7 /* UPMSellCell.xib in Resources */,
			);
			runOnlyForDeploymentPostprocessing = 0;
		};
		52AF3D5619E77BBF007E0D22 /* Resources */ = {
			isa = PBXResourcesBuildPhase;
			buildActionMask = 2147483647;
			files = (
			);
			runOnlyForDeploymentPostprocessing = 0;
		};
/* End PBXResourcesBuildPhase section */

/* Begin PBXSourcesBuildPhase section */
		5255EBD01A0EC325007207C7 /* Sources */ = {
			isa = PBXSourcesBuildPhase;
			buildActionMask = 2147483647;
			files = (
				5255EC081A0ED58B007207C7 /* UPMSellDescriptionVC.swift in Sources */,
				5255EC011A0EC7A6007207C7 /* UPMColorExtension.swift in Sources */,
				5255EBFA1A0EC38B007207C7 /* UPMSellCell.swift in Sources */,
				525B89801A17F82000A7CB6D /* UPMSellDescriptionTextView.swift in Sources */,
				525B89811A17FA8C00A7CB6D /* UPMViewControllerExtension.swift in Sources */,
				5228B8691A19AB0F004AED8C /* UPMSellTitleCell.swift in Sources */,
				5228B8621A194CCA004AED8C /* UPMSellPriceFormatTVC.swift in Sources */,
				5255EBFD1A0EC450007207C7 /* UPMCircleView.swift in Sources */,
				52C063191A1EFA250088907E /* UPMOtherListingCategoryCell.swift in Sources */,
			);
			runOnlyForDeploymentPostprocessing = 0;
		};
		5255EBDB1A0EC325007207C7 /* Sources */ = {
			isa = PBXSourcesBuildPhase;
			buildActionMask = 2147483647;
			files = (
				5255EBE91A0EC325007207C7 /* SellUITests.swift in Sources */,
			);
			runOnlyForDeploymentPostprocessing = 0;
		};
		52AF3D3F19E77BBF007E0D22 /* Sources */ = {
			isa = PBXSourcesBuildPhase;
			buildActionMask = 2147483647;
			files = (
				5255EC0E1A0EE0DD007207C7 /* DefaultVC.swift in Sources */,
				529D60601A3CCBDA0045C6A2 /* UPMListing.swift in Sources */,
				525B89891A18271500A7CB6D /* UPMSellPriceFormatTVC.swift in Sources */,
				525C31091A10A08800C47790 /* UPMViewControllerExtension.swift in Sources */,
				52C0631F1A1F02000088907E /* UPMOtherListingCategoryTVC.swift in Sources */,
				525B89821A17FC9E00A7CB6D /* UPMSellDescriptionTextView.swift in Sources */,
				524F40AC1A104D54002B47B6 /* UPMSellItemContainer.swift in Sources */,
				5255EC091A0EDD56007207C7 /* UPMSellCell.swift in Sources */,
				5255EC071A0ED58B007207C7 /* UPMSellDescriptionVC.swift in Sources */,
				524F40AA1A104448002B47B6 /* UPMSellItem.swift in Sources */,
				521E3A801A3CBCB000F4E7B8 /* UPMHousingListing.swift in Sources */,
				52C0631D1A1F012C0088907E /* UPMOtherListingCategoryCell.swift in Sources */,
				52E571701A1ED7BD0056FCD8 /* UPMSellOtherDetailsTVC.swift in Sources */,
				5255EC001A0EC7A6007207C7 /* UPMColorExtension.swift in Sources */,
				52E571681A1DD8B90056FCD8 /* UPMSellOtherTVC.swift in Sources */,
				52DC22021A2422F9000DC5FC /* UPMTextbookListing.swift in Sources */,
				5228B8711A1D34F7004AED8C /* UPMSellImagePickerVC.swift in Sources */,
				5255EC0F1A0EE382007207C7 /* UPMCircleView.swift in Sources */,
				524F40B21A10937A002B47B6 /* UPMSellExtension.swift in Sources */,
				5228B86F1A19B4E7004AED8C /* UPMSellTitleTVC.swift in Sources */,
				52E5716A1A1DDF0C0056FCD8 /* UPMOtherListing.swift in Sources */,
				529BDB211A241FC400F4E8EE /* UPMSellTextbookTVC.swift in Sources */,
				5255EBA71A0EBEBA007207C7 /* UPMSellTVC.swift in Sources */,
				5255EC0C1A0EE0AE007207C7 /* ViewController.swift in Sources */,
				52E5716E1A1E9CA70056FCD8 /* UPMSellDetailsTVC.swift in Sources */,
				52DC22041A2436C3000DC5FC /* UPMSellTextbookDetailsTVC.swift in Sources */,
				52AF3D4919E77BBF007E0D22 /* AppDelegate.swift in Sources */,
				524F40B01A107CD6002B47B6 /* UPMSellSubClassTVCViewController.swift in Sources */,
				5228B86C1A19B174004AED8C /* UPMSellTitleCell.swift in Sources */,
			);
			runOnlyForDeploymentPostprocessing = 0;
		};
		52AF3D5419E77BBF007E0D22 /* Sources */ = {
			isa = PBXSourcesBuildPhase;
			buildActionMask = 2147483647;
			files = (
				52AF3D5F19E77BBF007E0D22 /* UPMarketplaceTests.swift in Sources */,
			);
			runOnlyForDeploymentPostprocessing = 0;
		};
/* End PBXSourcesBuildPhase section */

/* Begin PBXTargetDependency section */
		5255EBE21A0EC325007207C7 /* PBXTargetDependency */ = {
			isa = PBXTargetDependency;
			target = 5255EBD41A0EC325007207C7 /* SellUI */;
			targetProxy = 5255EBE11A0EC325007207C7 /* PBXContainerItemProxy */;
		};
		5255EBE41A0EC325007207C7 /* PBXTargetDependency */ = {
			isa = PBXTargetDependency;
			target = 52AF3D4219E77BBF007E0D22 /* UPMarketplace */;
			targetProxy = 5255EBE31A0EC325007207C7 /* PBXContainerItemProxy */;
		};
		5255EBEB1A0EC325007207C7 /* PBXTargetDependency */ = {
			isa = PBXTargetDependency;
			target = 5255EBD41A0EC325007207C7 /* SellUI */;
			targetProxy = 5255EBEA1A0EC325007207C7 /* PBXContainerItemProxy */;
		};
		52AF3D5A19E77BBF007E0D22 /* PBXTargetDependency */ = {
			isa = PBXTargetDependency;
			target = 52AF3D4219E77BBF007E0D22 /* UPMarketplace */;
			targetProxy = 52AF3D5919E77BBF007E0D22 /* PBXContainerItemProxy */;
		};
/* End PBXTargetDependency section */

/* Begin PBXVariantGroup section */
		52AF3D4C19E77BBF007E0D22 /* Main.storyboard */ = {
			isa = PBXVariantGroup;
			children = (
				52AF3D4D19E77BBF007E0D22 /* Base */,
			);
			name = Main.storyboard;
			sourceTree = "<group>";
		};
		52AF3D5119E77BBF007E0D22 /* LaunchScreen.xib */ = {
			isa = PBXVariantGroup;
			children = (
				52AF3D5219E77BBF007E0D22 /* Base */,
			);
			name = LaunchScreen.xib;
			sourceTree = "<group>";
		};
/* End PBXVariantGroup section */

/* Begin XCBuildConfiguration section */
		5255EBEF1A0EC325007207C7 /* Debug */ = {
			isa = XCBuildConfiguration;
			buildSettings = {
				CLANG_ENABLE_MODULES = YES;
				CURRENT_PROJECT_VERSION = 1;
				DEFINES_MODULE = YES;
				DYLIB_COMPATIBILITY_VERSION = 1;
				DYLIB_CURRENT_VERSION = 1;
				DYLIB_INSTALL_NAME_BASE = "@rpath";
				GCC_PREPROCESSOR_DEFINITIONS = (
					"DEBUG=1",
					"$(inherited)",
				);
				INFOPLIST_FILE = SellUI/Info.plist;
				INSTALL_PATH = "$(LOCAL_LIBRARY_DIR)/Frameworks";
				IPHONEOS_DEPLOYMENT_TARGET = 8.1;
				LD_RUNPATH_SEARCH_PATHS = "$(inherited) @executable_path/Frameworks @loader_path/Frameworks";
				PRODUCT_NAME = "$(TARGET_NAME)";
				SKIP_INSTALL = YES;
				SWIFT_OPTIMIZATION_LEVEL = "-Onone";
				TARGETED_DEVICE_FAMILY = "1,2";
				VERSIONING_SYSTEM = "apple-generic";
				VERSION_INFO_PREFIX = "";
			};
			name = Debug;
		};
		5255EBF01A0EC325007207C7 /* Release */ = {
			isa = XCBuildConfiguration;
			buildSettings = {
				CLANG_ENABLE_MODULES = YES;
				CURRENT_PROJECT_VERSION = 1;
				DEFINES_MODULE = YES;
				DYLIB_COMPATIBILITY_VERSION = 1;
				DYLIB_CURRENT_VERSION = 1;
				DYLIB_INSTALL_NAME_BASE = "@rpath";
				INFOPLIST_FILE = SellUI/Info.plist;
				INSTALL_PATH = "$(LOCAL_LIBRARY_DIR)/Frameworks";
				IPHONEOS_DEPLOYMENT_TARGET = 8.1;
				LD_RUNPATH_SEARCH_PATHS = "$(inherited) @executable_path/Frameworks @loader_path/Frameworks";
				PRODUCT_NAME = "$(TARGET_NAME)";
				SKIP_INSTALL = YES;
				TARGETED_DEVICE_FAMILY = "1,2";
				VERSIONING_SYSTEM = "apple-generic";
				VERSION_INFO_PREFIX = "";
			};
			name = Release;
		};
		5255EBF21A0EC325007207C7 /* Debug */ = {
			isa = XCBuildConfiguration;
			buildSettings = {
				FRAMEWORK_SEARCH_PATHS = (
					"$(SDKROOT)/Developer/Library/Frameworks",
					"$(inherited)",
				);
				GCC_PREPROCESSOR_DEFINITIONS = (
					"DEBUG=1",
					"$(inherited)",
				);
				INFOPLIST_FILE = SellUITests/Info.plist;
				IPHONEOS_DEPLOYMENT_TARGET = 8.1;
				LD_RUNPATH_SEARCH_PATHS = "$(inherited) @executable_path/Frameworks @loader_path/Frameworks";
				PRODUCT_NAME = "$(TARGET_NAME)";
				TEST_HOST = "$(BUILT_PRODUCTS_DIR)/UPMarketplace.app/UPMarketplace";
			};
			name = Debug;
		};
		5255EBF31A0EC325007207C7 /* Release */ = {
			isa = XCBuildConfiguration;
			buildSettings = {
				FRAMEWORK_SEARCH_PATHS = (
					"$(SDKROOT)/Developer/Library/Frameworks",
					"$(inherited)",
				);
				INFOPLIST_FILE = SellUITests/Info.plist;
				IPHONEOS_DEPLOYMENT_TARGET = 8.1;
				LD_RUNPATH_SEARCH_PATHS = "$(inherited) @executable_path/Frameworks @loader_path/Frameworks";
				PRODUCT_NAME = "$(TARGET_NAME)";
				TEST_HOST = "$(BUILT_PRODUCTS_DIR)/UPMarketplace.app/UPMarketplace";
			};
			name = Release;
		};
		52AF3D6019E77BBF007E0D22 /* Debug */ = {
			isa = XCBuildConfiguration;
			buildSettings = {
				ALWAYS_SEARCH_USER_PATHS = NO;
				CLANG_CXX_LANGUAGE_STANDARD = "gnu++0x";
				CLANG_CXX_LIBRARY = "libc++";
				CLANG_ENABLE_MODULES = YES;
				CLANG_ENABLE_OBJC_ARC = YES;
				CLANG_WARN_BOOL_CONVERSION = YES;
				CLANG_WARN_CONSTANT_CONVERSION = YES;
				CLANG_WARN_DIRECT_OBJC_ISA_USAGE = YES_ERROR;
				CLANG_WARN_EMPTY_BODY = YES;
				CLANG_WARN_ENUM_CONVERSION = YES;
				CLANG_WARN_INT_CONVERSION = YES;
				CLANG_WARN_OBJC_ROOT_CLASS = YES_ERROR;
				CLANG_WARN_UNREACHABLE_CODE = YES;
				CLANG_WARN__DUPLICATE_METHOD_MATCH = YES;
				"CODE_SIGN_IDENTITY[sdk=iphoneos*]" = "iPhone Developer";
				COPY_PHASE_STRIP = NO;
				ENABLE_STRICT_OBJC_MSGSEND = YES;
				GCC_C_LANGUAGE_STANDARD = gnu99;
				GCC_DYNAMIC_NO_PIC = NO;
				GCC_OPTIMIZATION_LEVEL = 0;
				GCC_PREPROCESSOR_DEFINITIONS = (
					"DEBUG=1",
					"$(inherited)",
				);
				GCC_SYMBOLS_PRIVATE_EXTERN = NO;
				GCC_WARN_64_TO_32_BIT_CONVERSION = YES;
				GCC_WARN_ABOUT_RETURN_TYPE = YES_ERROR;
				GCC_WARN_UNDECLARED_SELECTOR = YES;
				GCC_WARN_UNINITIALIZED_AUTOS = YES_AGGRESSIVE;
				GCC_WARN_UNUSED_FUNCTION = YES;
				GCC_WARN_UNUSED_VARIABLE = YES;
				IPHONEOS_DEPLOYMENT_TARGET = 7.1;
				MTL_ENABLE_DEBUG_INFO = YES;
				ONLY_ACTIVE_ARCH = YES;
				SDKROOT = iphoneos;
				SWIFT_OPTIMIZATION_LEVEL = "-Onone";
			};
			name = Debug;
		};
		52AF3D6119E77BBF007E0D22 /* Release */ = {
			isa = XCBuildConfiguration;
			buildSettings = {
				ALWAYS_SEARCH_USER_PATHS = NO;
				CLANG_CXX_LANGUAGE_STANDARD = "gnu++0x";
				CLANG_CXX_LIBRARY = "libc++";
				CLANG_ENABLE_MODULES = YES;
				CLANG_ENABLE_OBJC_ARC = YES;
				CLANG_WARN_BOOL_CONVERSION = YES;
				CLANG_WARN_CONSTANT_CONVERSION = YES;
				CLANG_WARN_DIRECT_OBJC_ISA_USAGE = YES_ERROR;
				CLANG_WARN_EMPTY_BODY = YES;
				CLANG_WARN_ENUM_CONVERSION = YES;
				CLANG_WARN_INT_CONVERSION = YES;
				CLANG_WARN_OBJC_ROOT_CLASS = YES_ERROR;
				CLANG_WARN_UNREACHABLE_CODE = YES;
				CLANG_WARN__DUPLICATE_METHOD_MATCH = YES;
				"CODE_SIGN_IDENTITY[sdk=iphoneos*]" = "iPhone Developer";
				COPY_PHASE_STRIP = YES;
				ENABLE_NS_ASSERTIONS = NO;
				ENABLE_STRICT_OBJC_MSGSEND = YES;
				GCC_C_LANGUAGE_STANDARD = gnu99;
				GCC_WARN_64_TO_32_BIT_CONVERSION = YES;
				GCC_WARN_ABOUT_RETURN_TYPE = YES_ERROR;
				GCC_WARN_UNDECLARED_SELECTOR = YES;
				GCC_WARN_UNINITIALIZED_AUTOS = YES_AGGRESSIVE;
				GCC_WARN_UNUSED_FUNCTION = YES;
				GCC_WARN_UNUSED_VARIABLE = YES;
				IPHONEOS_DEPLOYMENT_TARGET = 7.1;
				MTL_ENABLE_DEBUG_INFO = NO;
				SDKROOT = iphoneos;
				VALIDATE_PRODUCT = YES;
			};
			name = Release;
		};
		52AF3D6319E77BBF007E0D22 /* Debug */ = {
			isa = XCBuildConfiguration;
			buildSettings = {
				ASSETCATALOG_COMPILER_APPICON_NAME = AppIcon;
				CLANG_ENABLE_MODULES = YES;
				CODE_SIGN_IDENTITY = "iPhone Developer: John Liedtke (BX5CP76VJ3)";
				FRAMEWORK_SEARCH_PATHS = (
					"$(inherited)",
					"$(PROJECT_DIR)/UPMarketplace",
				);
				INFOPLIST_FILE = UPMarketplace/Info.plist;
				IPHONEOS_DEPLOYMENT_TARGET = 8.1;
				LD_RUNPATH_SEARCH_PATHS = "$(inherited) @executable_path/Frameworks";
				PRODUCT_NAME = "$(TARGET_NAME)";
				SWIFT_OBJC_BRIDGING_HEADER = "UPMarketplace/UPMarketplace-Bridging-Header.h";
				SWIFT_OPTIMIZATION_LEVEL = "-Onone";
			};
			name = Debug;
		};
		52AF3D6419E77BBF007E0D22 /* Release */ = {
			isa = XCBuildConfiguration;
			buildSettings = {
				ASSETCATALOG_COMPILER_APPICON_NAME = AppIcon;
				CLANG_ENABLE_MODULES = YES;
				CODE_SIGN_IDENTITY = "iPhone Developer: John Liedtke (BX5CP76VJ3)";
				FRAMEWORK_SEARCH_PATHS = (
					"$(inherited)",
					"$(PROJECT_DIR)/UPMarketplace",
				);
				INFOPLIST_FILE = UPMarketplace/Info.plist;
				IPHONEOS_DEPLOYMENT_TARGET = 8.1;
				LD_RUNPATH_SEARCH_PATHS = "$(inherited) @executable_path/Frameworks";
				PRODUCT_NAME = "$(TARGET_NAME)";
				SWIFT_OBJC_BRIDGING_HEADER = "UPMarketplace/UPMarketplace-Bridging-Header.h";
			};
			name = Release;
		};
		52AF3D6619E77BBF007E0D22 /* Debug */ = {
			isa = XCBuildConfiguration;
			buildSettings = {
				BUNDLE_LOADER = "$(TEST_HOST)";
				FRAMEWORK_SEARCH_PATHS = (
					"$(SDKROOT)/Developer/Library/Frameworks",
					"$(inherited)",
				);
				GCC_PREPROCESSOR_DEFINITIONS = (
					"DEBUG=1",
					"$(inherited)",
				);
				INFOPLIST_FILE = UPMarketplaceTests/Info.plist;
				LD_RUNPATH_SEARCH_PATHS = "$(inherited) @executable_path/Frameworks @loader_path/Frameworks";
				PRODUCT_NAME = "$(TARGET_NAME)";
				TEST_HOST = "$(BUILT_PRODUCTS_DIR)/UPMarketplace.app/UPMarketplace";
			};
			name = Debug;
		};
		52AF3D6719E77BBF007E0D22 /* Release */ = {
			isa = XCBuildConfiguration;
			buildSettings = {
				BUNDLE_LOADER = "$(TEST_HOST)";
				FRAMEWORK_SEARCH_PATHS = (
					"$(SDKROOT)/Developer/Library/Frameworks",
					"$(inherited)",
				);
				INFOPLIST_FILE = UPMarketplaceTests/Info.plist;
				LD_RUNPATH_SEARCH_PATHS = "$(inherited) @executable_path/Frameworks @loader_path/Frameworks";
				PRODUCT_NAME = "$(TARGET_NAME)";
				TEST_HOST = "$(BUILT_PRODUCTS_DIR)/UPMarketplace.app/UPMarketplace";
			};
			name = Release;
		};
/* End XCBuildConfiguration section */

/* Begin XCConfigurationList section */
		5255EBEE1A0EC325007207C7 /* Build configuration list for PBXNativeTarget "SellUI" */ = {
			isa = XCConfigurationList;
			buildConfigurations = (
				5255EBEF1A0EC325007207C7 /* Debug */,
				5255EBF01A0EC325007207C7 /* Release */,
			);
			defaultConfigurationIsVisible = 0;
			defaultConfigurationName = Release;
		};
		5255EBF11A0EC325007207C7 /* Build configuration list for PBXNativeTarget "SellUITests" */ = {
			isa = XCConfigurationList;
			buildConfigurations = (
				5255EBF21A0EC325007207C7 /* Debug */,
				5255EBF31A0EC325007207C7 /* Release */,
			);
			defaultConfigurationIsVisible = 0;
			defaultConfigurationName = Release;
		};
		52AF3D3E19E77BBF007E0D22 /* Build configuration list for PBXProject "UPMarketplace" */ = {
			isa = XCConfigurationList;
			buildConfigurations = (
				52AF3D6019E77BBF007E0D22 /* Debug */,
				52AF3D6119E77BBF007E0D22 /* Release */,
			);
			defaultConfigurationIsVisible = 0;
			defaultConfigurationName = Release;
		};
		52AF3D6219E77BBF007E0D22 /* Build configuration list for PBXNativeTarget "UPMarketplace" */ = {
			isa = XCConfigurationList;
			buildConfigurations = (
				52AF3D6319E77BBF007E0D22 /* Debug */,
				52AF3D6419E77BBF007E0D22 /* Release */,
			);
			defaultConfigurationIsVisible = 0;
			defaultConfigurationName = Release;
		};
		52AF3D6519E77BBF007E0D22 /* Build configuration list for PBXNativeTarget "UPMarketplaceTests" */ = {
			isa = XCConfigurationList;
			buildConfigurations = (
				52AF3D6619E77BBF007E0D22 /* Debug */,
				52AF3D6719E77BBF007E0D22 /* Release */,
			);
			defaultConfigurationIsVisible = 0;
			defaultConfigurationName = Release;
		};
/* End XCConfigurationList section */
	};
	rootObject = 52AF3D3B19E77BBF007E0D22 /* Project object */;
}
