// !$*UTF8*$!
{
	archiveVersion = 1;
	classes = {
	};
	objectVersion = 46;
	objects = {

/* Begin PBXBuildFile section */
		52234A8A19E77E6100E899B8 /* AudioToolbox.framework in Frameworks */ = {isa = PBXBuildFile; fileRef = 52234A8919E77E6100E899B8 /* AudioToolbox.framework */; };
		52234A8C19E77E6A00E899B8 /* CFNetwork.framework in Frameworks */ = {isa = PBXBuildFile; fileRef = 52234A8B19E77E6A00E899B8 /* CFNetwork.framework */; };
		52234A8E19E77E7500E899B8 /* CoreGraphics.framework in Frameworks */ = {isa = PBXBuildFile; fileRef = 52234A8D19E77E7500E899B8 /* CoreGraphics.framework */; };
		52234A9019E77E8200E899B8 /* CoreLocation.framework in Frameworks */ = {isa = PBXBuildFile; fileRef = 52234A8F19E77E8200E899B8 /* CoreLocation.framework */; };
		52234A9219E77E9000E899B8 /* libz.1.1.3.dylib in Frameworks */ = {isa = PBXBuildFile; fileRef = 52234A9119E77E9000E899B8 /* libz.1.1.3.dylib */; };
		52234A9419E77E9900E899B8 /* MobileCoreServices.framework in Frameworks */ = {isa = PBXBuildFile; fileRef = 52234A9319E77E9900E899B8 /* MobileCoreServices.framework */; };
		52234A9619E77EA300E899B8 /* QuartzCore.framework in Frameworks */ = {isa = PBXBuildFile; fileRef = 52234A9519E77EA300E899B8 /* QuartzCore.framework */; };
		52234A9819E77EAB00E899B8 /* Security.framework in Frameworks */ = {isa = PBXBuildFile; fileRef = 52234A9719E77EAB00E899B8 /* Security.framework */; };
		52234A9A19E77EB600E899B8 /* SystemConfiguration.framework in Frameworks */ = {isa = PBXBuildFile; fileRef = 52234A9919E77EB600E899B8 /* SystemConfiguration.framework */; };
		52AF3D4919E77BBF007E0D22 /* AppDelegate.swift in Sources */ = {isa = PBXBuildFile; fileRef = 52AF3D4819E77BBF007E0D22 /* AppDelegate.swift */; };
		52AF3D4B19E77BBF007E0D22 /* ViewController.swift in Sources */ = {isa = PBXBuildFile; fileRef = 52AF3D4A19E77BBF007E0D22 /* ViewController.swift */; };
		52AF3D4E19E77BBF007E0D22 /* Main.storyboard in Resources */ = {isa = PBXBuildFile; fileRef = 52AF3D4C19E77BBF007E0D22 /* Main.storyboard */; };
		52AF3D5019E77BBF007E0D22 /* Images.xcassets in Resources */ = {isa = PBXBuildFile; fileRef = 52AF3D4F19E77BBF007E0D22 /* Images.xcassets */; };
		52AF3D5319E77BBF007E0D22 /* LaunchScreen.xib in Resources */ = {isa = PBXBuildFile; fileRef = 52AF3D5119E77BBF007E0D22 /* LaunchScreen.xib */; };
		52AF3D5F19E77BBF007E0D22 /* UPMarketplaceTests.swift in Sources */ = {isa = PBXBuildFile; fileRef = 52AF3D5E19E77BBF007E0D22 /* UPMarketplaceTests.swift */; };
		52AF3D6C19E77D9B007E0D22 /* Bolts.framework in Frameworks */ = {isa = PBXBuildFile; fileRef = 52AF3D6919E77D9B007E0D22 /* Bolts.framework */; };
		52AF3D6D19E77D9B007E0D22 /* Parse.framework in Frameworks */ = {isa = PBXBuildFile; fileRef = 52AF3D6A19E77D9B007E0D22 /* Parse.framework */; };
		52AF3D6E19E77D9B007E0D22 /* ParseFacebookUtils.framework in Frameworks */ = {isa = PBXBuildFile; fileRef = 52AF3D6B19E77D9B007E0D22 /* ParseFacebookUtils.framework */; };
/* End PBXBuildFile section */

/* Begin PBXContainerItemProxy section */
		52AF3D5919E77BBF007E0D22 /* PBXContainerItemProxy */ = {
			isa = PBXContainerItemProxy;
			containerPortal = 52AF3D3B19E77BBF007E0D22 /* Project object */;
			proxyType = 1;
			remoteGlobalIDString = 52AF3D4219E77BBF007E0D22;
			remoteInfo = UPMarketplace;
		};
/* End PBXContainerItemProxy section */

/* Begin PBXFileReference section */
		52234A8919E77E6100E899B8 /* AudioToolbox.framework */ = {isa = PBXFileReference; lastKnownFileType = wrapper.framework; name = AudioToolbox.framework; path = System/Library/Frameworks/AudioToolbox.framework; sourceTree = SDKROOT; };
		52234A8B19E77E6A00E899B8 /* CFNetwork.framework */ = {isa = PBXFileReference; lastKnownFileType = wrapper.framework; name = CFNetwork.framework; path = System/Library/Frameworks/CFNetwork.framework; sourceTree = SDKROOT; };
		52234A8D19E77E7500E899B8 /* CoreGraphics.framework */ = {isa = PBXFileReference; lastKnownFileType = wrapper.framework; name = CoreGraphics.framework; path = System/Library/Frameworks/CoreGraphics.framework; sourceTree = SDKROOT; };
		52234A8F19E77E8200E899B8 /* CoreLocation.framework */ = {isa = PBXFileReference; lastKnownFileType = wrapper.framework; name = CoreLocation.framework; path = System/Library/Frameworks/CoreLocation.framework; sourceTree = SDKROOT; };
		52234A9119E77E9000E899B8 /* libz.1.1.3.dylib */ = {isa = PBXFileReference; lastKnownFileType = "compiled.mach-o.dylib"; name = libz.1.1.3.dylib; path = usr/lib/libz.1.1.3.dylib; sourceTree = SDKROOT; };
		52234A9319E77E9900E899B8 /* MobileCoreServices.framework */ = {isa = PBXFileReference; lastKnownFileType = wrapper.framework; name = MobileCoreServices.framework; path = System/Library/Frameworks/MobileCoreServices.framework; sourceTree = SDKROOT; };
		52234A9519E77EA300E899B8 /* QuartzCore.framework */ = {isa = PBXFileReference; lastKnownFileType = wrapper.framework; name = QuartzCore.framework; path = System/Library/Frameworks/QuartzCore.framework; sourceTree = SDKROOT; };
		52234A9719E77EAB00E899B8 /* Security.framework */ = {isa = PBXFileReference; lastKnownFileType = wrapper.framework; name = Security.framework; path = System/Library/Frameworks/Security.framework; sourceTree = SDKROOT; };
		52234A9919E77EB600E899B8 /* SystemConfiguration.framework */ = {isa = PBXFileReference; lastKnownFileType = wrapper.framework; name = SystemConfiguration.framework; path = System/Library/Frameworks/SystemConfiguration.framework; sourceTree = SDKROOT; };
		52234A9B19E77EE400E899B8 /* UPMarketplace-Bridging-Header.h */ = {isa = PBXFileReference; lastKnownFileType = sourcecode.c.h; path = "UPMarketplace-Bridging-Header.h"; sourceTree = "<group>"; };
		52AF3D4319E77BBF007E0D22 /* UPMarketplace.app */ = {isa = PBXFileReference; explicitFileType = wrapper.application; includeInIndex = 0; path = UPMarketplace.app; sourceTree = BUILT_PRODUCTS_DIR; };
		52AF3D4719E77BBF007E0D22 /* Info.plist */ = {isa = PBXFileReference; lastKnownFileType = text.plist.xml; path = Info.plist; sourceTree = "<group>"; };
		52AF3D4819E77BBF007E0D22 /* AppDelegate.swift */ = {isa = PBXFileReference; lastKnownFileType = sourcecode.swift; path = AppDelegate.swift; sourceTree = "<group>"; };
		52AF3D4A19E77BBF007E0D22 /* ViewController.swift */ = {isa = PBXFileReference; lastKnownFileType = sourcecode.swift; path = ViewController.swift; sourceTree = "<group>"; };
		52AF3D4D19E77BBF007E0D22 /* Base */ = {isa = PBXFileReference; lastKnownFileType = file.storyboard; name = Base; path = Base.lproj/Main.storyboard; sourceTree = "<group>"; };
		52AF3D4F19E77BBF007E0D22 /* Images.xcassets */ = {isa = PBXFileReference; lastKnownFileType = folder.assetcatalog; path = Images.xcassets; sourceTree = "<group>"; };
		52AF3D5219E77BBF007E0D22 /* Base */ = {isa = PBXFileReference; lastKnownFileType = file.xib; name = Base; path = Base.lproj/LaunchScreen.xib; sourceTree = "<group>"; };
		52AF3D5819E77BBF007E0D22 /* UPMarketplaceTests.xctest */ = {isa = PBXFileReference; explicitFileType = wrapper.cfbundle; includeInIndex = 0; path = UPMarketplaceTests.xctest; sourceTree = BUILT_PRODUCTS_DIR; };
		52AF3D5D19E77BBF007E0D22 /* Info.plist */ = {isa = PBXFileReference; lastKnownFileType = text.plist.xml; path = Info.plist; sourceTree = "<group>"; };
		52AF3D5E19E77BBF007E0D22 /* UPMarketplaceTests.swift */ = {isa = PBXFileReference; lastKnownFileType = sourcecode.swift; path = UPMarketplaceTests.swift; sourceTree = "<group>"; };
		52AF3D6919E77D9B007E0D22 /* Bolts.framework */ = {isa = PBXFileReference; lastKnownFileType = wrapper.framework; path = Bolts.framework; sourceTree = "<group>"; };
		52AF3D6A19E77D9B007E0D22 /* Parse.framework */ = {isa = PBXFileReference; lastKnownFileType = wrapper.framework; path = Parse.framework; sourceTree = "<group>"; };
		52AF3D6B19E77D9B007E0D22 /* ParseFacebookUtils.framework */ = {isa = PBXFileReference; lastKnownFileType = wrapper.framework; path = ParseFacebookUtils.framework; sourceTree = "<group>"; };
/* End PBXFileReference section */

/* Begin PBXFrameworksBuildPhase section */
		52AF3D4019E77BBF007E0D22 /* Frameworks */ = {
			isa = PBXFrameworksBuildPhase;
			buildActionMask = 2147483647;
			files = (
				52234A9A19E77EB600E899B8 /* SystemConfiguration.framework in Frameworks */,
				52234A9819E77EAB00E899B8 /* Security.framework in Frameworks */,
				52234A9619E77EA300E899B8 /* QuartzCore.framework in Frameworks */,
				52234A9419E77E9900E899B8 /* MobileCoreServices.framework in Frameworks */,
				52234A9219E77E9000E899B8 /* libz.1.1.3.dylib in Frameworks */,
				52234A9019E77E8200E899B8 /* CoreLocation.framework in Frameworks */,
				52234A8E19E77E7500E899B8 /* CoreGraphics.framework in Frameworks */,
				52234A8C19E77E6A00E899B8 /* CFNetwork.framework in Frameworks */,
				52234A8A19E77E6100E899B8 /* AudioToolbox.framework in Frameworks */,
				52AF3D6D19E77D9B007E0D22 /* Parse.framework in Frameworks */,
				52AF3D6C19E77D9B007E0D22 /* Bolts.framework in Frameworks */,
				52AF3D6E19E77D9B007E0D22 /* ParseFacebookUtils.framework in Frameworks */,
			);
			runOnlyForDeploymentPostprocessing = 0;
		};
		52AF3D5519E77BBF007E0D22 /* Frameworks */ = {
			isa = PBXFrameworksBuildPhase;
			buildActionMask = 2147483647;
			files = (
			);
			runOnlyForDeploymentPostprocessing = 0;
		};
/* End PBXFrameworksBuildPhase section */

/* Begin PBXGroup section */
		52AF3D3A19E77BBF007E0D22 = {
			isa = PBXGroup;
			children = (
				52AF3D4519E77BBF007E0D22 /* UPMarketplace */,
				52AF3D6819E77CED007E0D22 /* Frameworks */,
				52AF3D5B19E77BBF007E0D22 /* UPMarketplaceTests */,
				52AF3D4419E77BBF007E0D22 /* Products */,
			);
			sourceTree = "<group>";
		};
		52AF3D4419E77BBF007E0D22 /* Products */ = {
			isa = PBXGroup;
			children = (
				52AF3D4319E77BBF007E0D22 /* UPMarketplace.app */,
				52AF3D5819E77BBF007E0D22 /* UPMarketplaceTests.xctest */,
			);
			name = Products;
			sourceTree = "<group>";
		};
		52AF3D4519E77BBF007E0D22 /* UPMarketplace */ = {
			isa = PBXGroup;
			children = (
				52AF3D4819E77BBF007E0D22 /* AppDelegate.swift */,
				52AF3D4A19E77BBF007E0D22 /* ViewController.swift */,
				52AF3D4C19E77BBF007E0D22 /* Main.storyboard */,
				52AF3D4F19E77BBF007E0D22 /* Images.xcassets */,
				52AF3D5119E77BBF007E0D22 /* LaunchScreen.xib */,
				52AF3D4619E77BBF007E0D22 /* Supporting Files */,
				52234A9B19E77EE400E899B8 /* UPMarketplace-Bridging-Header.h */,
			);
			path = UPMarketplace;
			sourceTree = "<group>";
		};
		52AF3D4619E77BBF007E0D22 /* Supporting Files */ = {
			isa = PBXGroup;
			children = (
				52AF3D4719E77BBF007E0D22 /* Info.plist */,
			);
			name = "Supporting Files";
			sourceTree = "<group>";
		};
		52AF3D5B19E77BBF007E0D22 /* UPMarketplaceTests */ = {
			isa = PBXGroup;
			children = (
				52AF3D5E19E77BBF007E0D22 /* UPMarketplaceTests.swift */,
				52AF3D5C19E77BBF007E0D22 /* Supporting Files */,
			);
			path = UPMarketplaceTests;
			sourceTree = "<group>";
		};
		52AF3D5C19E77BBF007E0D22 /* Supporting Files */ = {
			isa = PBXGroup;
			children = (
				52AF3D5D19E77BBF007E0D22 /* Info.plist */,
			);
			name = "Supporting Files";
			sourceTree = "<group>";
		};
		52AF3D6819E77CED007E0D22 /* Frameworks */ = {
			isa = PBXGroup;
			children = (
				52234A9919E77EB600E899B8 /* SystemConfiguration.framework */,
				52234A9719E77EAB00E899B8 /* Security.framework */,
				52234A9519E77EA300E899B8 /* QuartzCore.framework */,
				52234A9319E77E9900E899B8 /* MobileCoreServices.framework */,
				52234A9119E77E9000E899B8 /* libz.1.1.3.dylib */,
				52234A8F19E77E8200E899B8 /* CoreLocation.framework */,
				52234A8D19E77E7500E899B8 /* CoreGraphics.framework */,
				52234A8B19E77E6A00E899B8 /* CFNetwork.framework */,
				52234A8919E77E6100E899B8 /* AudioToolbox.framework */,
				52AF3D6919E77D9B007E0D22 /* Bolts.framework */,
				52AF3D6A19E77D9B007E0D22 /* Parse.framework */,
				52AF3D6B19E77D9B007E0D22 /* ParseFacebookUtils.framework */,
			);
			name = Frameworks;
			path = UPMarketplace;
			sourceTree = "<group>";
		};
/* End PBXGroup section */

/* Begin PBXNativeTarget section */
		52AF3D4219E77BBF007E0D22 /* UPMarketplace */ = {
			isa = PBXNativeTarget;
			buildConfigurationList = 52AF3D6219E77BBF007E0D22 /* Build configuration list for PBXNativeTarget "UPMarketplace" */;
			buildPhases = (
				52AF3D3F19E77BBF007E0D22 /* Sources */,
				52AF3D4019E77BBF007E0D22 /* Frameworks */,
				52AF3D4119E77BBF007E0D22 /* Resources */,
			);
			buildRules = (
			);
			dependencies = (
			);
			name = UPMarketplace;
			productName = UPMarketplace;
			productReference = 52AF3D4319E77BBF007E0D22 /* UPMarketplace.app */;
			productType = "com.apple.product-type.application";
		};
		52AF3D5719E77BBF007E0D22 /* UPMarketplaceTests */ = {
			isa = PBXNativeTarget;
			buildConfigurationList = 52AF3D6519E77BBF007E0D22 /* Build configuration list for PBXNativeTarget "UPMarketplaceTests" */;
			buildPhases = (
				52AF3D5419E77BBF007E0D22 /* Sources */,
				52AF3D5519E77BBF007E0D22 /* Frameworks */,
				52AF3D5619E77BBF007E0D22 /* Resources */,
			);
			buildRules = (
			);
			dependencies = (
				52AF3D5A19E77BBF007E0D22 /* PBXTargetDependency */,
			);
			name = UPMarketplaceTests;
			productName = UPMarketplaceTests;
			productReference = 52AF3D5819E77BBF007E0D22 /* UPMarketplaceTests.xctest */;
			productType = "com.apple.product-type.bundle.unit-test";
		};
/* End PBXNativeTarget section */

/* Begin PBXProject section */
		52AF3D3B19E77BBF007E0D22 /* Project object */ = {
			isa = PBXProject;
			attributes = {
				LastUpgradeCheck = 0600;
				ORGANIZATIONNAME = "UP Marketplace";
				TargetAttributes = {
					52AF3D4219E77BBF007E0D22 = {
						CreatedOnToolsVersion = 6.0.1;
					};
					52AF3D5719E77BBF007E0D22 = {
						CreatedOnToolsVersion = 6.0.1;
						TestTargetID = 52AF3D4219E77BBF007E0D22;
					};
				};
			};
			buildConfigurationList = 52AF3D3E19E77BBF007E0D22 /* Build configuration list for PBXProject "UPMarketplace" */;
			compatibilityVersion = "Xcode 3.2";
			developmentRegion = English;
			hasScannedForEncodings = 0;
			knownRegions = (
				en,
				Base,
			);
			mainGroup = 52AF3D3A19E77BBF007E0D22;
			productRefGroup = 52AF3D4419E77BBF007E0D22 /* Products */;
			projectDirPath = "";
			projectRoot = "";
			targets = (
				52AF3D4219E77BBF007E0D22 /* UPMarketplace */,
				52AF3D5719E77BBF007E0D22 /* UPMarketplaceTests */,
			);
		};
/* End PBXProject section */

/* Begin PBXResourcesBuildPhase section */
		52AF3D4119E77BBF007E0D22 /* Resources */ = {
			isa = PBXResourcesBuildPhase;
			buildActionMask = 2147483647;
			files = (
				52AF3D4E19E77BBF007E0D22 /* Main.storyboard in Resources */,
				52AF3D5319E77BBF007E0D22 /* LaunchScreen.xib in Resources */,
				52AF3D5019E77BBF007E0D22 /* Images.xcassets in Resources */,
			);
			runOnlyForDeploymentPostprocessing = 0;
		};
		52AF3D5619E77BBF007E0D22 /* Resources */ = {
			isa = PBXResourcesBuildPhase;
			buildActionMask = 2147483647;
			files = (
			);
			runOnlyForDeploymentPostprocessing = 0;
		};
/* End PBXResourcesBuildPhase section */

/* Begin PBXSourcesBuildPhase section */
		52AF3D3F19E77BBF007E0D22 /* Sources */ = {
			isa = PBXSourcesBuildPhase;
			buildActionMask = 2147483647;
			files = (
				52AF3D4B19E77BBF007E0D22 /* ViewController.swift in Sources */,
				52AF3D4919E77BBF007E0D22 /* AppDelegate.swift in Sources */,
			);
			runOnlyForDeploymentPostprocessing = 0;
		};
		52AF3D5419E77BBF007E0D22 /* Sources */ = {
			isa = PBXSourcesBuildPhase;
			buildActionMask = 2147483647;
			files = (
				52AF3D5F19E77BBF007E0D22 /* UPMarketplaceTests.swift in Sources */,
			);
			runOnlyForDeploymentPostprocessing = 0;
		};
/* End PBXSourcesBuildPhase section */

/* Begin PBXTargetDependency section */
		52AF3D5A19E77BBF007E0D22 /* PBXTargetDependency */ = {
			isa = PBXTargetDependency;
			target = 52AF3D4219E77BBF007E0D22 /* UPMarketplace */;
			targetProxy = 52AF3D5919E77BBF007E0D22 /* PBXContainerItemProxy */;
		};
/* End PBXTargetDependency section */

/* Begin PBXVariantGroup section */
		52AF3D4C19E77BBF007E0D22 /* Main.storyboard */ = {
			isa = PBXVariantGroup;
			children = (
				52AF3D4D19E77BBF007E0D22 /* Base */,
			);
			name = Main.storyboard;
			sourceTree = "<group>";
		};
		52AF3D5119E77BBF007E0D22 /* LaunchScreen.xib */ = {
			isa = PBXVariantGroup;
			children = (
				52AF3D5219E77BBF007E0D22 /* Base */,
			);
			name = LaunchScreen.xib;
			sourceTree = "<group>";
		};
/* End PBXVariantGroup section */

/* Begin XCBuildConfiguration section */
		52AF3D6019E77BBF007E0D22 /* Debug */ = {
			isa = XCBuildConfiguration;
			buildSettings = {
				ALWAYS_SEARCH_USER_PATHS = NO;
				CLANG_CXX_LANGUAGE_STANDARD = "gnu++0x";
				CLANG_CXX_LIBRARY = "libc++";
				CLANG_ENABLE_MODULES = YES;
				CLANG_ENABLE_OBJC_ARC = YES;
				CLANG_WARN_BOOL_CONVERSION = YES;
				CLANG_WARN_CONSTANT_CONVERSION = YES;
				CLANG_WARN_DIRECT_OBJC_ISA_USAGE = YES_ERROR;
				CLANG_WARN_EMPTY_BODY = YES;
				CLANG_WARN_ENUM_CONVERSION = YES;
				CLANG_WARN_INT_CONVERSION = YES;
				CLANG_WARN_OBJC_ROOT_CLASS = YES_ERROR;
				CLANG_WARN_UNREACHABLE_CODE = YES;
				CLANG_WARN__DUPLICATE_METHOD_MATCH = YES;
				"CODE_SIGN_IDENTITY[sdk=iphoneos*]" = "iPhone Developer";
				COPY_PHASE_STRIP = NO;
				ENABLE_STRICT_OBJC_MSGSEND = YES;
				GCC_C_LANGUAGE_STANDARD = gnu99;
				GCC_DYNAMIC_NO_PIC = NO;
				GCC_OPTIMIZATION_LEVEL = 0;
				GCC_PREPROCESSOR_DEFINITIONS = (
					"DEBUG=1",
					"$(inherited)",
				);
				GCC_SYMBOLS_PRIVATE_EXTERN = NO;
				GCC_WARN_64_TO_32_BIT_CONVERSION = YES;
				GCC_WARN_ABOUT_RETURN_TYPE = YES_ERROR;
				GCC_WARN_UNDECLARED_SELECTOR = YES;
				GCC_WARN_UNINITIALIZED_AUTOS = YES_AGGRESSIVE;
				GCC_WARN_UNUSED_FUNCTION = YES;
				GCC_WARN_UNUSED_VARIABLE = YES;
				IPHONEOS_DEPLOYMENT_TARGET = 8.0;
				MTL_ENABLE_DEBUG_INFO = YES;
				ONLY_ACTIVE_ARCH = YES;
				SDKROOT = iphoneos;
				SWIFT_OPTIMIZATION_LEVEL = "-Onone";
			};
			name = Debug;
		};
		52AF3D6119E77BBF007E0D22 /* Release */ = {
			isa = XCBuildConfiguration;
			buildSettings = {
				ALWAYS_SEARCH_USER_PATHS = NO;
				CLANG_CXX_LANGUAGE_STANDARD = "gnu++0x";
				CLANG_CXX_LIBRARY = "libc++";
				CLANG_ENABLE_MODULES = YES;
				CLANG_ENABLE_OBJC_ARC = YES;
				CLANG_WARN_BOOL_CONVERSION = YES;
				CLANG_WARN_CONSTANT_CONVERSION = YES;
				CLANG_WARN_DIRECT_OBJC_ISA_USAGE = YES_ERROR;
				CLANG_WARN_EMPTY_BODY = YES;
				CLANG_WARN_ENUM_CONVERSION = YES;
				CLANG_WARN_INT_CONVERSION = YES;
				CLANG_WARN_OBJC_ROOT_CLASS = YES_ERROR;
				CLANG_WARN_UNREACHABLE_CODE = YES;
				CLANG_WARN__DUPLICATE_METHOD_MATCH = YES;
				"CODE_SIGN_IDENTITY[sdk=iphoneos*]" = "iPhone Developer";
				COPY_PHASE_STRIP = YES;
				ENABLE_NS_ASSERTIONS = NO;
				ENABLE_STRICT_OBJC_MSGSEND = YES;
				GCC_C_LANGUAGE_STANDARD = gnu99;
				GCC_WARN_64_TO_32_BIT_CONVERSION = YES;
				GCC_WARN_ABOUT_RETURN_TYPE = YES_ERROR;
				GCC_WARN_UNDECLARED_SELECTOR = YES;
				GCC_WARN_UNINITIALIZED_AUTOS = YES_AGGRESSIVE;
				GCC_WARN_UNUSED_FUNCTION = YES;
				GCC_WARN_UNUSED_VARIABLE = YES;
				IPHONEOS_DEPLOYMENT_TARGET = 8.0;
				MTL_ENABLE_DEBUG_INFO = NO;
				SDKROOT = iphoneos;
				VALIDATE_PRODUCT = YES;
			};
			name = Release;
		};
		52AF3D6319E77BBF007E0D22 /* Debug */ = {
			isa = XCBuildConfiguration;
			buildSettings = {
				ASSETCATALOG_COMPILER_APPICON_NAME = AppIcon;
				CLANG_ENABLE_MODULES = YES;
				FRAMEWORK_SEARCH_PATHS = (
					"$(inherited)",
					"$(PROJECT_DIR)/UPMarketplace",
				);
				INFOPLIST_FILE = UPMarketplace/Info.plist;
				LD_RUNPATH_SEARCH_PATHS = "$(inherited) @executable_path/Frameworks";
				PRODUCT_NAME = "$(TARGET_NAME)";
				SWIFT_OBJC_BRIDGING_HEADER = "UPMarketplace/UPMarketplace-Bridging-Header.h";
				SWIFT_OPTIMIZATION_LEVEL = "-Onone";
			};
			name = Debug;
		};
		52AF3D6419E77BBF007E0D22 /* Release */ = {
			isa = XCBuildConfiguration;
			buildSettings = {
				ASSETCATALOG_COMPILER_APPICON_NAME = AppIcon;
				CLANG_ENABLE_MODULES = YES;
				FRAMEWORK_SEARCH_PATHS = (
					"$(inherited)",
					"$(PROJECT_DIR)/UPMarketplace",
				);
				INFOPLIST_FILE = UPMarketplace/Info.plist;
				LD_RUNPATH_SEARCH_PATHS = "$(inherited) @executable_path/Frameworks";
				PRODUCT_NAME = "$(TARGET_NAME)";
				SWIFT_OBJC_BRIDGING_HEADER = "UPMarketplace/UPMarketplace-Bridging-Header.h";
			};
			name = Release;
		};
		52AF3D6619E77BBF007E0D22 /* Debug */ = {
			isa = XCBuildConfiguration;
			buildSettings = {
				BUNDLE_LOADER = "$(TEST_HOST)";
				FRAMEWORK_SEARCH_PATHS = (
					"$(SDKROOT)/Developer/Library/Frameworks",
					"$(inherited)",
				);
				GCC_PREPROCESSOR_DEFINITIONS = (
					"DEBUG=1",
					"$(inherited)",
				);
				INFOPLIST_FILE = UPMarketplaceTests/Info.plist;
				LD_RUNPATH_SEARCH_PATHS = "$(inherited) @executable_path/Frameworks @loader_path/Frameworks";
				PRODUCT_NAME = "$(TARGET_NAME)";
				TEST_HOST = "$(BUILT_PRODUCTS_DIR)/UPMarketplace.app/UPMarketplace";
			};
			name = Debug;
		};
		52AF3D6719E77BBF007E0D22 /* Release */ = {
			isa = XCBuildConfiguration;
			buildSettings = {
				BUNDLE_LOADER = "$(TEST_HOST)";
				FRAMEWORK_SEARCH_PATHS = (
					"$(SDKROOT)/Developer/Library/Frameworks",
					"$(inherited)",
				);
				INFOPLIST_FILE = UPMarketplaceTests/Info.plist;
				LD_RUNPATH_SEARCH_PATHS = "$(inherited) @executable_path/Frameworks @loader_path/Frameworks";
				PRODUCT_NAME = "$(TARGET_NAME)";
				TEST_HOST = "$(BUILT_PRODUCTS_DIR)/UPMarketplace.app/UPMarketplace";
			};
			name = Release;
		};
/* End XCBuildConfiguration section */

/* Begin XCConfigurationList section */
		52AF3D3E19E77BBF007E0D22 /* Build configuration list for PBXProject "UPMarketplace" */ = {
			isa = XCConfigurationList;
			buildConfigurations = (
				52AF3D6019E77BBF007E0D22 /* Debug */,
				52AF3D6119E77BBF007E0D22 /* Release */,
			);
			defaultConfigurationIsVisible = 0;
			defaultConfigurationName = Release;
		};
		52AF3D6219E77BBF007E0D22 /* Build configuration list for PBXNativeTarget "UPMarketplace" */ = {
			isa = XCConfigurationList;
			buildConfigurations = (
				52AF3D6319E77BBF007E0D22 /* Debug */,
				52AF3D6419E77BBF007E0D22 /* Release */,
			);
			defaultConfigurationIsVisible = 0;
			defaultConfigurationName = Release;
		};
		52AF3D6519E77BBF007E0D22 /* Build configuration list for PBXNativeTarget "UPMarketplaceTests" */ = {
			isa = XCConfigurationList;
			buildConfigurations = (
				52AF3D6619E77BBF007E0D22 /* Debug */,
				52AF3D6719E77BBF007E0D22 /* Release */,
			);
			defaultConfigurationIsVisible = 0;
			defaultConfigurationName = Release;
		};
/* End XCConfigurationList section */
	};
	rootObject = 52AF3D3B19E77BBF007E0D22 /* Project object */;
}
