PODS:
  - Bolts (1.1.3)
  - Facebook-iOS-SDK (3.15.1):
    - Bolts
  - IQKeyboardManager (3.2.1.0)
  - MBProgressHUD (0.9)

DEPENDENCIES:
  - Bolts
  - Facebook-iOS-SDK (~> 3.15.1)
  - IQKeyboardManager
  - MBProgressHUD (~> 0.8)

SPEC CHECKSUMS:
  Bolts: 3db0a875235e0c9042b013af13af0f00f79b102c
  Facebook-iOS-SDK: 56214af8e0ef16e751eb2804250326b709e571b8
  IQKeyboardManager: 167388b27d0194abc50b2ffc3cc16b881a8227df
  MBProgressHUD: 2038dbcf3dce73215abed6001657043d53aa79a8

COCOAPODS: 0.35.0
