PODS:
  - Bolts (1.1.4)
  - Facebook-iOS-SDK (3.15.1):
    - Bolts
  - IQKeyboardManager (3.2.1.1)
  - MBProgressHUD (0.9.1)
  - Reachability (3.2)
  - SDWebImage (3.7.1):
    - SDWebImage/Core (= 3.7.1)
  - SDWebImage/Core (3.7.1)
  - SWRevealViewController (2.3.0)

DEPENDENCIES:
  - Bolts
  - Facebook-iOS-SDK (~> 3.15.1)
  - IQKeyboardManager
  - MBProgressHUD (~> 0.8)
  - Reachability (~> 3.2)
  - SDWebImage (~> 3.6)
  - SWRevealViewController (~> 2.3)

SPEC CHECKSUMS:
  Bolts: dd9fb8433d67f5acc3b6b4d1379bbc5513d716c1
  Facebook-iOS-SDK: 56214af8e0ef16e751eb2804250326b709e571b8
  IQKeyboardManager: 4e83eef847c6f5edbd670284e50c7e3d643ebdb5
  MBProgressHUD: f3747dcbd45a9e855a6b0674550651e0b7ed250c
  Reachability: 1ef8adf5c4e3d362f96515d4278f68dad3c26930
  SDWebImage: 116e88633b5b416ea0ca4b334a4ac59cf72dd38d
  SWRevealViewController: f6d80638b8e12323e87ac79562345403a799cb77

COCOAPODS: 0.35.0
