PODS:
  - Bolts (1.1.4)
  - Facebook-iOS-SDK (3.23.2):
    - Bolts (~> 1.0)
  - IQKeyboardManager (3.2.3)
  - MBProgressHUD (0.9.1)
  - MZAppearance (1.1.3)
  - MZFormSheetController (2.4.2):
    - MZAppearance (~> 1.1.3)
    - MZFormSheetController/Core (= 2.4.2)
  - MZFormSheetController/Core (2.4.2):
    - MZAppearance (~> 1.1.3)
  - Parse (1.7.1):
    - Bolts (~> 1.1)
  - ParseFacebookUtils (1.7.1):
    - Facebook-iOS-SDK (~> 3.23)
    - Parse (~> 1.7.1)
  - ParseUI (1.1.3):
    - Parse (~> 1.7)
  - Reachability (3.2)
  - SALQuickTutorial (0.2.1):
    - MZFormSheetController (~> 2.3)
  - SDWebImage (3.7.2):
    - SDWebImage/Core (= 3.7.2)
  - SDWebImage/Core (3.7.2)
  - SWRevealViewController (2.3.0)
  - Touchpose (1.2.0)

DEPENDENCIES:
  - Bolts
  - IQKeyboardManager
  - MBProgressHUD (~> 0.8)
  - Parse (~> 1.3)
  - ParseFacebookUtils (~> 1.6)
  - ParseUI
  - Reachability (~> 3.2)
  - SALQuickTutorial (~> 0.2)
  - SDWebImage (~> 3.6)
  - SWRevealViewController (~> 2.3)
  - Touchpose (~> 1.2)

SPEC CHECKSUMS:
  Bolts: f8e2f94edbf9fec7bb8de5ecaaa3aa6b7de6f64e
  Facebook-iOS-SDK: cd87f0b2f0c1d9574b44e8fa2baacc275524bac3
  IQKeyboardManager: 6ca5c54e3776eb54af4c7caf515833f3cd761d59
  MBProgressHUD: c47f2c166c126cf2ce36498d80f33e754d4e93ad
  MZAppearance: c2937318234fd782e900fb178942278881ac5490
  MZFormSheetController: d7264c84b1cbd1663fac29fdd8d4b3521a34bd5f
  Parse: fa8ec29de6d82035635986c11946299fb1b38316
  ParseFacebookUtils: fa09adf78372b589163b5a71a34d6ebc7eb83395
  ParseUI: 1a68e9cebc3bd458eed9605ce7b33d7cc082f473
  Reachability: 33e18b67625424e47b6cde6d202dce689ad7af96
  SALQuickTutorial: 4c2d07d3e5edef0a76b1b5f5a9b04c72e2a2ee5e
  SDWebImage: 71b7cdc1d1721d6a82ed62889030225f2c249e29
  SWRevealViewController: 6d3fd97f70112fd7cef9de14df4260eacce4c63a
  Touchpose: 219ef3dc3d1932b384ea502ec6df2f003667129b

COCOAPODS: 0.36.4
